PODS:
  - Alamofire (5.0.0-beta.6)
  - CocoaLumberjack/Core (3.7.0)
  - CocoaLumberjack/Swift (3.7.0):
    - CocoaLumberjack/Core
  - Down (0.9.4)
  - Fakery (5.0.0)
  - JWTDecode (2.5.0)
  - Sentry (6.1.2):
    - Sentry/Core (= 6.1.2)
  - Sentry/Core (6.1.2)
  - SwiftLint (0.42.0)

DEPENDENCIES:
  - Alamofire (= 5.0.0.beta.6)
  - CocoaLumberjack/Swift
  - Down
  - Fakery
  - JWTDecode
  - Sentry
  - SwiftLint

SPEC REPOS:
  trunk:
    - Alamofire
    - CocoaLumberjack
    - Down
    - Fakery
    - JWTDecode
    - Sentry
    - SwiftLint

SPEC CHECKSUMS:
  Alamofire: cd08a4402bd12cacd0c66f23fb12fec8d6b965e4
  CocoaLumberjack: e8955b9d337ac307103b0a34fd141c32f27e53c5
  Down: 276f2c3eeeaf30345873bdad25f44b2640fcfa3a
  Fakery: 8146918b8dd6df98564dca10cbe8bd05354b8cc4
  JWTDecode: d4c176a28a29f7e6f9abf5c90ad3002f69b98c7c
  Sentry: 3a6c3aeb258b297a4be08d8960955ecc722331f3
  SwiftLint: 4fa9579c63416865179bc416f0a92d55f009600d

PODFILE CHECKSUM: cca706eb4e593ed13ed3e46ff1ff0d549ae4b638

COCOAPODS: 1.10.0
