// !$*UTF8*$!
{
	archiveVersion = 1;
	classes = {
	};
	objectVersion = 52;
	objects = {

/* Begin PBXBuildFile section */
		520081942552C93600A6CAC6 /* CoreDataManager+backupExtension.swift in Sources */ = {isa = PBXBuildFile; fileRef = 520081932552C93600A6CAC6 /* CoreDataManager+backupExtension.swift */; };
		520081992552C97C00A6CAC6 /* TemporaryFile.swift in Sources */ = {isa = PBXBuildFile; fileRef = 520081982552C97C00A6CAC6 /* TemporaryFile.swift */; };
		5204E865255ED13500458211 /* AccountManager.swift in Sources */ = {isa = PBXBuildFile; fileRef = 5204E864255ED13500458211 /* AccountManager.swift */; };
		5204E86E255ED1A700458211 /* APIRequest.swift in Sources */ = {isa = PBXBuildFile; fileRef = 5204E86D255ED1A700458211 /* APIRequest.swift */; };
		5204E88D255ED33200458211 /* Configuration.swift in Sources */ = {isa = PBXBuildFile; fileRef = 5204E88C255ED33200458211 /* Configuration.swift */; };
		5204E893255ED4AB00458211 /* Information.swift in Sources */ = {isa = PBXBuildFile; fileRef = 5204E892255ED4AB00458211 /* Information.swift */; };
		5204E899255ED52A00458211 /* GraphqlParametersProtocol.swift in Sources */ = {isa = PBXBuildFile; fileRef = 5204E898255ED52A00458211 /* GraphqlParametersProtocol.swift */; };
		5204E8A1255ED56200458211 /* AuthenticationManager.swift in Sources */ = {isa = PBXBuildFile; fileRef = 5204E8A0255ED56200458211 /* AuthenticationManager.swift */; };
		5204E8B2255ED5FF00458211 /* Logger.swift in Sources */ = {isa = PBXBuildFile; fileRef = 5204E8B1255ED5FF00458211 /* Logger.swift */; };
		5204E8B7255ED6AC00458211 /* UserSessionRequest.swift in Sources */ = {isa = PBXBuildFile; fileRef = 5204E8B6255ED6AC00458211 /* UserSessionRequest.swift */; };
		5204E8BC255ED6E100458211 /* APIResponse.swift in Sources */ = {isa = PBXBuildFile; fileRef = 5204E8BB255ED6E100458211 /* APIResponse.swift */; };
		5204E8C1255ED6FC00458211 /* Me.swift in Sources */ = {isa = PBXBuildFile; fileRef = 5204E8C0255ED6FC00458211 /* Me.swift */; };
		5204E8C6255ED7EF00458211 /* Session.swift in Sources */ = {isa = PBXBuildFile; fileRef = 5204E8C5255ED7EF00458211 /* Session.swift */; };
		5204E8CF255ED96400458211 /* Persistence.swift in Sources */ = {isa = PBXBuildFile; fileRef = 5204E8CE255ED96400458211 /* Persistence.swift */; };
		5204E8D5255ED9D000458211 /* StandardStorable.swift in Sources */ = {isa = PBXBuildFile; fileRef = 5204E8D3255ED9D000458211 /* StandardStorable.swift */; };
		5204E8DE255EDAA600458211 /* AuthenticationHandler.swift in Sources */ = {isa = PBXBuildFile; fileRef = 5204E8DD255EDAA600458211 /* AuthenticationHandler.swift */; };
		5204E8E3255EDACE00458211 /* LibrairiesManager.swift in Sources */ = {isa = PBXBuildFile; fileRef = 5204E8E2255EDACE00458211 /* LibrairiesManager.swift */; };
		5204E8F5255EDBF600458211 /* EventsTracker.swift in Sources */ = {isa = PBXBuildFile; fileRef = 5204E8F4255EDBF600458211 /* EventsTracker.swift */; };
		520BFE602530A1D1009DF633 /* ViewModelFetchedResults.swift in Sources */ = {isa = PBXBuildFile; fileRef = 520BFE5F2530A1D1009DF633 /* ViewModelFetchedResults.swift */; };
		520BFE7E25347F27009DF633 /* SearchBar.swift in Sources */ = {isa = PBXBuildFile; fileRef = 520BFE7D25347F27009DF633 /* SearchBar.swift */; };
		520BFE8B2534B3E4009DF633 /* Note+CoreDataProperties.swift in Sources */ = {isa = PBXBuildFile; fileRef = 520BFE8A2534B3E4009DF633 /* Note+CoreDataProperties.swift */; };
		521812B62524C354007E4B47 /* Note.swift in Sources */ = {isa = PBXBuildFile; fileRef = 521812B52524C354007E4B47 /* Note.swift */; };
		521812BD2524C368007E4B47 /* Bullet.swift in Sources */ = {isa = PBXBuildFile; fileRef = 521812BC2524C368007E4B47 /* Bullet.swift */; };
		521812CF2524C597007E4B47 /* NoteTests.swift in Sources */ = {isa = PBXBuildFile; fileRef = 521812CE2524C597007E4B47 /* NoteTests.swift */; };
		52326F8C252F1A8E00A40F1E /* NSManagedObject+initExtension.swift in Sources */ = {isa = PBXBuildFile; fileRef = 52326F8B252F1A8E00A40F1E /* NSManagedObject+initExtension.swift */; };
		52326F8D252F1A8E00A40F1E /* NSManagedObject+initExtension.swift in Sources */ = {isa = PBXBuildFile; fileRef = 52326F8B252F1A8E00A40F1E /* NSManagedObject+initExtension.swift */; };
		52326F8E252F1A8E00A40F1E /* NSManagedObject+initExtension.swift in Sources */ = {isa = PBXBuildFile; fileRef = 52326F8B252F1A8E00A40F1E /* NSManagedObject+initExtension.swift */; };
		523586462534BF4E006748E4 /* Bullet+CoreDataProperties.swift in Sources */ = {isa = PBXBuildFile; fileRef = 523586452534BF4E006748E4 /* Bullet+CoreDataProperties.swift */; };
		52375B62256D2463003180E1 /* Release.xcconfig in Resources */ = {isa = PBXBuildFile; fileRef = 52375B61256D2463003180E1 /* Release.xcconfig */; };
		52375B76256D585A003180E1 /* OSLog.swift in Sources */ = {isa = PBXBuildFile; fileRef = 52375B75256D585A003180E1 /* OSLog.swift */; };
		526B59E42562E7A700B358AA /* Configuration.plist in Resources */ = {isa = PBXBuildFile; fileRef = 526B59E32562E7A700B358AA /* Configuration.plist */; };
		528E44272525BD4600B7C54E /* CoreDataManager.swift in Sources */ = {isa = PBXBuildFile; fileRef = 528E44262525BD4600B7C54E /* CoreDataManager.swift */; };
		52A66A172535E77D00CE247C /* ScrollableTextView.swift in Sources */ = {isa = PBXBuildFile; fileRef = 52A66A162535E77D00CE247C /* ScrollableTextView.swift */; };
		52A66A1F2535E8A500CE247C /* ScrollableTextView.xib in Resources */ = {isa = PBXBuildFile; fileRef = 52A66A1E2535E8A500CE247C /* ScrollableTextView.xib */; };
		52A66A242535E8FB00CE247C /* TextView.swift in Sources */ = {isa = PBXBuildFile; fileRef = 52A66A232535E8FB00CE247C /* TextView.swift */; };
		52B5EF78252F520100914D52 /* CoreDataTests.swift in Sources */ = {isa = PBXBuildFile; fileRef = 52B5EF77252F520100914D52 /* CoreDataTests.swift */; };
		52C6A1DC2563FE2F00350EBE /* AccountWindow.swift in Sources */ = {isa = PBXBuildFile; fileRef = 52C6A1DB2563FE2F00350EBE /* AccountWindow.swift */; };
		52C6A1E12563FE6D00350EBE /* AccountDetail.swift in Sources */ = {isa = PBXBuildFile; fileRef = 52C6A1E02563FE6D00350EBE /* AccountDetail.swift */; };
		52C6A1F5256417D100350EBE /* User.swift in Sources */ = {isa = PBXBuildFile; fileRef = 52C6A1F4256417D100350EBE /* User.swift */; };
		52C6A22425644D3000350EBE /* AppDelegate+Account.swift in Sources */ = {isa = PBXBuildFile; fileRef = 52C6A22325644D3000350EBE /* AppDelegate+Account.swift */; };
		52C6A22925644D9000350EBE /* AppDelegate+CoreData.swift in Sources */ = {isa = PBXBuildFile; fileRef = 52C6A22825644D9000350EBE /* AppDelegate+CoreData.swift */; };
		52C6A22E25644E5B00350EBE /* AppDelegate+Note.swift in Sources */ = {isa = PBXBuildFile; fileRef = 52C6A22D25644E5B00350EBE /* AppDelegate+Note.swift */; };
		52C6A23325644EB100350EBE /* AppDelegate+URL.swift in Sources */ = {isa = PBXBuildFile; fileRef = 52C6A23225644EB100350EBE /* AppDelegate+URL.swift */; };
		52C82C74253059BC006C188C /* NotesWindow.swift in Sources */ = {isa = PBXBuildFile; fileRef = 52C82C73253059BC006C188C /* NotesWindow.swift */; };
		52C82C7925305E27006C188C /* NotesContentView.swift in Sources */ = {isa = PBXBuildFile; fileRef = 52C82C7825305E27006C188C /* NotesContentView.swift */; };
		52C82C7E25305FA1006C188C /* NoteRow.swift in Sources */ = {isa = PBXBuildFile; fileRef = 52C82C7D25305FA1006C188C /* NoteRow.swift */; };
		52C82C8325306600006C188C /* NoteList.swift in Sources */ = {isa = PBXBuildFile; fileRef = 52C82C8225306600006C188C /* NoteList.swift */; };
		52C82C8825306637006C188C /* NoteDetail.swift in Sources */ = {isa = PBXBuildFile; fileRef = 52C82C8725306637006C188C /* NoteDetail.swift */; };
		52CE69352562F2DF00453429 /* forgot_password.graphql in Resources */ = {isa = PBXBuildFile; fileRef = 52CE69342562F2DF00453429 /* forgot_password.graphql */; };
		52CE693D2562F2EA00453429 /* sign_in.graphql in Resources */ = {isa = PBXBuildFile; fileRef = 52CE693C2562F2EA00453429 /* sign_in.graphql */; };
		52CE69422562F2F700453429 /* sign_up.graphql in Resources */ = {isa = PBXBuildFile; fileRef = 52CE69412562F2F700453429 /* sign_up.graphql */; };
		52D4C63A2535A4D800A00457 /* NotificationName.swift in Sources */ = {isa = PBXBuildFile; fileRef = 52D4C6392535A4D800A00457 /* NotificationName.swift */; };
		52DC0F5825384F3400F2D594 /* NoteWindow.swift in Sources */ = {isa = PBXBuildFile; fileRef = 52DC0F5725384F3400F2D594 /* NoteWindow.swift */; };
		52DC10652539D23D00F2D594 /* BeamTextFormatter.swift in Sources */ = {isa = PBXBuildFile; fileRef = 52DC10642539D23D00F2D594 /* BeamTextFormatter.swift */; };
		52DEF1CA252B259700561493 /* CoreDataManagerTests.swift in Sources */ = {isa = PBXBuildFile; fileRef = 52DEF1C9252B259700561493 /* CoreDataManagerTests.swift */; };
		52E04FD6252C7A4600AD9F56 /* writing_space.json in Resources */ = {isa = PBXBuildFile; fileRef = 52E04FD5252C7A4600AD9F56 /* writing_space.json */; };
		52E04FE7252C7B9E00AD9F56 /* RoamImporter.swift in Sources */ = {isa = PBXBuildFile; fileRef = 52E04FE6252C7B9E00AD9F56 /* RoamImporter.swift */; };
		52E04FED252C814D00AD9F56 /* RoamImporterTests.swift in Sources */ = {isa = PBXBuildFile; fileRef = 52E04FEC252C814D00AD9F56 /* RoamImporterTests.swift */; };
		52EB925D25668ED8003E49C5 /* PerformanceDebug.swift in Sources */ = {isa = PBXBuildFile; fileRef = 52EB925C25668ED8003E49C5 /* PerformanceDebug.swift */; };
		7D40159D41DDD593BDFDF664 /* Pods_BeamTests.framework in Frameworks */ = {isa = PBXBuildFile; fileRef = C8379DEE387FB86FA7817188 /* Pods_BeamTests.framework */; };
		9601BA75254236730003BCFE /* JournalView.swift in Sources */ = {isa = PBXBuildFile; fileRef = 9601BA74254236730003BCFE /* JournalView.swift */; };
		96062E3E254C5ECD00AAB78D /* DumpEnvironment.swift in Sources */ = {isa = PBXBuildFile; fileRef = 96062E3D254C5ECD00AAB78D /* DumpEnvironment.swift */; };
		96062E46254C67C100AAB78D /* RoundRectButtonStyle.swift in Sources */ = {isa = PBXBuildFile; fileRef = 96062E45254C67C100AAB78D /* RoundRectButtonStyle.swift */; };
		96062E4B254C67E600AAB78D /* GlobalNoteTitle.swift in Sources */ = {isa = PBXBuildFile; fileRef = 96062E4A254C67E600AAB78D /* GlobalNoteTitle.swift */; };
		96062E59254C690000AAB78D /* GlobalTabTitle.swift in Sources */ = {isa = PBXBuildFile; fileRef = 96062E58254C690000AAB78D /* GlobalTabTitle.swift */; };
		96062E5E254C692B00AAB78D /* OmniBarSearchBox.swift in Sources */ = {isa = PBXBuildFile; fileRef = 96062E5D254C692B00AAB78D /* OmniBarSearchBox.swift */; };
		96062E6E254C6D4C00AAB78D /* Frame.swift in Sources */ = {isa = PBXBuildFile; fileRef = 96062E6D254C6D4C00AAB78D /* Frame.swift */; };
		96062E73254C74F200AAB78D /* Chevrons.swift in Sources */ = {isa = PBXBuildFile; fileRef = 96062E72254C74F200AAB78D /* Chevrons.swift */; };
		960B823C2571BB83006ECE77 /* BeamElement.swift in Sources */ = {isa = PBXBuildFile; fileRef = 960B823B2571BB83006ECE77 /* BeamElement.swift */; };
		9627FD4A2550203800926F0E /* Pods_Beam.framework in Frameworks */ = {isa = PBXBuildFile; fileRef = 2BE96DC9A7278563E5878CCD /* Pods_Beam.framework */; };
		9627FD4B2550203800926F0E /* Pods_Beam.framework in Embed Frameworks */ = {isa = PBXBuildFile; fileRef = 2BE96DC9A7278563E5878CCD /* Pods_Beam.framework */; settings = {ATTRIBUTES = (CodeSignOnCopy, RemoveHeadersOnCopy, ); }; };
		9631B00925541DCB007BF2DE /* SFSymbolsFallback.ttf in Resources */ = {isa = PBXBuildFile; fileRef = 9631B00625541DC1007BF2DE /* SFSymbolsFallback.ttf */; };
		9631B00C25541DD0007BF2DE /* SelectionObserver.js in Resources */ = {isa = PBXBuildFile; fileRef = 9631B00425541DC0007BF2DE /* SelectionObserver.js */; };
		9631B01025541E8D007BF2DE /* OverrideConsole.js in Resources */ = {isa = PBXBuildFile; fileRef = 9631B00F25541E8D007BF2DE /* OverrideConsole.js */; };
		9631B01425541FB3007BF2DE /* Readability.js in Resources */ = {isa = PBXBuildFile; fileRef = 9631B01325541FB3007BF2DE /* Readability.js */; };
		9631B01825541FF6007BF2DE /* JSSourceLoader.swift in Sources */ = {isa = PBXBuildFile; fileRef = 9631B01725541FF6007BF2DE /* JSSourceLoader.swift */; };
		9631B02B2554B34A007BF2DE /* Html2Md.swift in Sources */ = {isa = PBXBuildFile; fileRef = 9631B02A2554B34A007BF2DE /* Html2Md.swift */; };
		9631C747251CE997009B40C4 /* SwiftSoup in Frameworks */ = {isa = PBXBuildFile; productRef = 9631C746251CE997009B40C4 /* SwiftSoup */; };
		9631C76B251E3648009B40C4 /* NSView+Beam.swift in Sources */ = {isa = PBXBuildFile; fileRef = 9631C76A251E3648009B40C4 /* NSView+Beam.swift */; };
		96354BD22543136000E40788 /* Symbol.swift in Sources */ = {isa = PBXBuildFile; fileRef = 96354BD12543136000E40788 /* Symbol.swift */; };
		964547AD2520CF3E0064D062 /* Font.swift in Sources */ = {isa = PBXBuildFile; fileRef = 964547AC2520CF3E0064D062 /* Font.swift */; };
		964547B22520D19F0064D062 /* NSRect+Beam.swift in Sources */ = {isa = PBXBuildFile; fileRef = 964547B12520D19F0064D062 /* NSRect+Beam.swift */; };
		964547B725212D760064D062 /* String+Ranges.swift in Sources */ = {isa = PBXBuildFile; fileRef = 964547B625212D760064D062 /* String+Ranges.swift */; };
		9645481E25220EC90064D062 /* String+LoremIpsum.swift in Sources */ = {isa = PBXBuildFile; fileRef = 9645481D25220EC90064D062 /* String+LoremIpsum.swift */; };
		96454823252216570064D062 /* NSRange+CFRange.swift in Sources */ = {isa = PBXBuildFile; fileRef = 96454822252216570064D062 /* NSRange+CFRange.swift */; };
		964548752522AD770064D062 /* NoteView.swift in Sources */ = {isa = PBXBuildFile; fileRef = 964548742522AD770064D062 /* NoteView.swift */; };
		9645488D252382DB0064D062 /* Readability.swift in Sources */ = {isa = PBXBuildFile; fileRef = 9645488C252382DB0064D062 /* Readability.swift */; };
		964548952523A9F50064D062 /* SearchKit.swift in Sources */ = {isa = PBXBuildFile; fileRef = 964548942523A9F50064D062 /* SearchKit.swift */; };
		964548A02523B3550064D062 /* CloudKit.framework in Frameworks */ = {isa = PBXBuildFile; fileRef = 9645489F2523B3550064D062 /* CloudKit.framework */; };
		96474E39254D977E00A920B3 /* BeamData.swift in Sources */ = {isa = PBXBuildFile; fileRef = 96474E38254D977E00A920B3 /* BeamData.swift */; };
		96474E3F254D9ADB00A920B3 /* FavIcon in Frameworks */ = {isa = PBXBuildFile; productRef = 96474E3E254D9ADB00A920B3 /* FavIcon */; };
		964A60C125680E37008126BF /* Tick.swift in Sources */ = {isa = PBXBuildFile; fileRef = 964A60C025680E37008126BF /* Tick.swift */; };
		964A60C525680E59008126BF /* Animation.swift in Sources */ = {isa = PBXBuildFile; fileRef = 964A60C425680E59008126BF /* Animation.swift */; };
		964A60CB256812C2008126BF /* FrameAnimation.swift in Sources */ = {isa = PBXBuildFile; fileRef = 964A60CA256812C2008126BF /* FrameAnimation.swift */; };
		965A78292514F147009980D4 /* AppDelegate.swift in Sources */ = {isa = PBXBuildFile; fileRef = 965A78282514F147009980D4 /* AppDelegate.swift */; };
		965A782B2514F147009980D4 /* ContentView.swift in Sources */ = {isa = PBXBuildFile; fileRef = 965A782A2514F147009980D4 /* ContentView.swift */; };
		965A782E2514F147009980D4 /* Beam.xcdatamodeld in Sources */ = {isa = PBXBuildFile; fileRef = 965A782C2514F147009980D4 /* Beam.xcdatamodeld */; };
		965A78302514F148009980D4 /* Assets.xcassets in Resources */ = {isa = PBXBuildFile; fileRef = 965A782F2514F148009980D4 /* Assets.xcassets */; };
		965A78332514F148009980D4 /* Preview Assets.xcassets in Resources */ = {isa = PBXBuildFile; fileRef = 965A78322514F148009980D4 /* Preview Assets.xcassets */; };
		965A78362514F148009980D4 /* Main.storyboard in Resources */ = {isa = PBXBuildFile; fileRef = 965A78342514F148009980D4 /* Main.storyboard */; };
		965A78422514F149009980D4 /* BeamTests.swift in Sources */ = {isa = PBXBuildFile; fileRef = 965A78412514F149009980D4 /* BeamTests.swift */; };
		965A784D2514F149009980D4 /* BeamUITests.swift in Sources */ = {isa = PBXBuildFile; fileRef = 965A784C2514F149009980D4 /* BeamUITests.swift */; };
		965A785E2514F1AF009980D4 /* WebView.swift in Sources */ = {isa = PBXBuildFile; fileRef = 965A785A2514F1AF009980D4 /* WebView.swift */; };
		965A785F2514F1AF009980D4 /* NavigationContext.swift in Sources */ = {isa = PBXBuildFile; fileRef = 965A785B2514F1AF009980D4 /* NavigationContext.swift */; };
		965A78602514F1AF009980D4 /* BeamNote.swift in Sources */ = {isa = PBXBuildFile; fileRef = 965A785D2514F1AF009980D4 /* BeamNote.swift */; };
		965A78632514F57E009980D4 /* OmniBar.swift in Sources */ = {isa = PBXBuildFile; fileRef = 965A78622514F57E009980D4 /* OmniBar.swift */; };
		965B195F2518EEFC00BCF01C /* SearchEngine.swift in Sources */ = {isa = PBXBuildFile; fileRef = 965B195E2518EEFC00BCF01C /* SearchEngine.swift */; };
		965B19642518F3BA00BCF01C /* BrowserTabBar.swift in Sources */ = {isa = PBXBuildFile; fileRef = 965B19632518F3BA00BCF01C /* BrowserTabBar.swift */; };
		965B19692518F4F000BCF01C /* BrowserTabView.swift in Sources */ = {isa = PBXBuildFile; fileRef = 965B19682518F4F000BCF01C /* BrowserTabView.swift */; };
		965B19712518F59D00BCF01C /* BrowserTab.swift in Sources */ = {isa = PBXBuildFile; fileRef = 965B19702518F59D00BCF01C /* BrowserTab.swift */; };
		966B3541251BB2A800751322 /* BeamWindow.swift in Sources */ = {isa = PBXBuildFile; fileRef = 966B3540251BB2A800751322 /* BeamWindow.swift */; };
		9671E872253F126400809436 /* TextEditCommands.swift in Sources */ = {isa = PBXBuildFile; fileRef = 9671E871253F126400809436 /* TextEditCommands.swift */; };
		967B2685255465C5003F40E3 /* Html2MdTests.swift in Sources */ = {isa = PBXBuildFile; fileRef = 967B2684255465C5003F40E3 /* Html2MdTests.swift */; };
		967B269125546878003F40E3 /* String+URL.swift in Sources */ = {isa = PBXBuildFile; fileRef = 967B269025546878003F40E3 /* String+URL.swift */; };
		969084CC25365AAE009D3C96 /* ParserTests.swift in Sources */ = {isa = PBXBuildFile; fileRef = 969084CB25365AAE009D3C96 /* ParserTests.swift */; };
		9694F77925155F8700399E6A /* AutoComplete.swift in Sources */ = {isa = PBXBuildFile; fileRef = 9694F77825155F8700399E6A /* AutoComplete.swift */; };
		96A49B6A253115C5003B4767 /* String+Regex.swift in Sources */ = {isa = PBXBuildFile; fileRef = 96A49B69253115C5003B4767 /* String+Regex.swift */; };
		96A49B6F2533ABC9003B4767 /* NSMutableAttributedString+Ranges.swift in Sources */ = {isa = PBXBuildFile; fileRef = 96A49B6E2533ABC9003B4767 /* NSMutableAttributedString+Ranges.swift */; };
		96AF5CB62537611300A7988C /* AttributedStringVisitor.swift in Sources */ = {isa = PBXBuildFile; fileRef = 96AF5CB52537611300A7988C /* AttributedStringVisitor.swift */; };
		96B3A5EE253B99E000E8C366 /* NoteBackForwardList.swift in Sources */ = {isa = PBXBuildFile; fileRef = 96B3A5ED253B99E000E8C366 /* NoteBackForwardList.swift */; };
		96B99AA1253F43DD008E3686 /* NSImage+CGImage.swift in Sources */ = {isa = PBXBuildFile; fileRef = 96B99AA0253F43DD008E3686 /* NSImage+CGImage.swift */; };
		96C039922520C67C00A2EDC7 /* TextEdit.swift in Sources */ = {isa = PBXBuildFile; fileRef = 96C039902520C67C00A2EDC7 /* TextEdit.swift */; };
		96C039982520CB9D00A2EDC7 /* Maths.swift in Sources */ = {isa = PBXBuildFile; fileRef = 96C039972520CB9D00A2EDC7 /* Maths.swift */; };
		96C9CC392535C16800D70AA6 /* Lexer.swift in Sources */ = {isa = PBXBuildFile; fileRef = 96C9CC382535C16800D70AA6 /* Lexer.swift */; };
		96C9CC3E2535CE2C00D70AA6 /* LexerTests.swift in Sources */ = {isa = PBXBuildFile; fileRef = 96C9CC3D2535CE2C00D70AA6 /* LexerTests.swift */; };
		96C9CC432535FA4900D70AA6 /* Parser.swift in Sources */ = {isa = PBXBuildFile; fileRef = 96C9CC422535FA4900D70AA6 /* Parser.swift */; };
		96D5F1752519F75600A19BBC /* BID.swift in Sources */ = {isa = PBXBuildFile; fileRef = 96D5F1742519F75600A19BBC /* BID.swift */; };
		96E1356A2546DE4900133A24 /* TextEditOperations.swift in Sources */ = {isa = PBXBuildFile; fileRef = 96E135692546DE4900133A24 /* TextEditOperations.swift */; };
		96E1356F2546F03900133A24 /* TextNodeTests.swift in Sources */ = {isa = PBXBuildFile; fileRef = 96E1356E2546F03900133A24 /* TextNodeTests.swift */; };
		96E1357D254723C500133A24 /* TextEditMovements.swift in Sources */ = {isa = PBXBuildFile; fileRef = 96E1357C254723C500133A24 /* TextEditMovements.swift */; };
		96E13582254727A000133A24 /* TextRoot.swift in Sources */ = {isa = PBXBuildFile; fileRef = 96E13581254727A000133A24 /* TextRoot.swift */; };
		96F5DB0D25179F030080E3EE /* String+Localization.swift in Sources */ = {isa = PBXBuildFile; fileRef = 96F5DB0C25179F030080E3EE /* String+Localization.swift */; };
		96F5DB162517A0F10080E3EE /* NSContainerView.swift in Sources */ = {isa = PBXBuildFile; fileRef = 96F5DB152517A0F10080E3EE /* NSContainerView.swift */; };
		96F5DB1E2517A1E60080E3EE /* BNSTextField.swift in Sources */ = {isa = PBXBuildFile; fileRef = 96F5DB1D2517A1E60080E3EE /* BNSTextField.swift */; };
		96F5DB232517A2020080E3EE /* BTextField.swift in Sources */ = {isa = PBXBuildFile; fileRef = 96F5DB222517A2020080E3EE /* BTextField.swift */; };
		96F5DB2B251811060080E3EE /* AutoCompleteList.swift in Sources */ = {isa = PBXBuildFile; fileRef = 96F5DB2A251811060080E3EE /* AutoCompleteList.swift */; };
		96F5DB33251817DB0080E3EE /* AutoCompleteItem.swift in Sources */ = {isa = PBXBuildFile; fileRef = 96F5DB32251817DB0080E3EE /* AutoCompleteItem.swift */; };
		96F5DB38251820960080E3EE /* ClosedRange+Beam.swift in Sources */ = {isa = PBXBuildFile; fileRef = 96F5DB37251820960080E3EE /* ClosedRange+Beam.swift */; };
		96F5DB452518238C0080E3EE /* BeamState.swift in Sources */ = {isa = PBXBuildFile; fileRef = 96F5DB442518238C0080E3EE /* BeamState.swift */; };
		96F5DB4A25189DDF0080E3EE /* AutoCompleteView.swift in Sources */ = {isa = PBXBuildFile; fileRef = 96F5DB4925189DDF0080E3EE /* AutoCompleteView.swift */; };
		96F6DCEB252DCF230054AF3B /* TextNode.swift in Sources */ = {isa = PBXBuildFile; fileRef = 96F6DCEA252DCF230054AF3B /* TextNode.swift */; };
/* End PBXBuildFile section */

/* Begin PBXContainerItemProxy section */
		965A783E2514F149009980D4 /* PBXContainerItemProxy */ = {
			isa = PBXContainerItemProxy;
			containerPortal = 965A781D2514F147009980D4 /* Project object */;
			proxyType = 1;
			remoteGlobalIDString = 965A78242514F147009980D4;
			remoteInfo = Beam;
		};
		965A78492514F149009980D4 /* PBXContainerItemProxy */ = {
			isa = PBXContainerItemProxy;
			containerPortal = 965A781D2514F147009980D4 /* Project object */;
			proxyType = 1;
			remoteGlobalIDString = 965A78242514F147009980D4;
			remoteInfo = Beam;
		};
/* End PBXContainerItemProxy section */

/* Begin PBXCopyFilesBuildPhase section */
		9627FD4C2550203800926F0E /* Embed Frameworks */ = {
			isa = PBXCopyFilesBuildPhase;
			buildActionMask = 2147483647;
			dstPath = "";
			dstSubfolderSpec = 10;
			files = (
				9627FD4B2550203800926F0E /* Pods_Beam.framework in Embed Frameworks */,
			);
			name = "Embed Frameworks";
			runOnlyForDeploymentPostprocessing = 0;
		};
/* End PBXCopyFilesBuildPhase section */

/* Begin PBXFileReference section */
		23F7A69644D041FDF4D3466B /* Pods-Beam.release.xcconfig */ = {isa = PBXFileReference; includeInIndex = 1; lastKnownFileType = text.xcconfig; name = "Pods-Beam.release.xcconfig"; path = "Target Support Files/Pods-Beam/Pods-Beam.release.xcconfig"; sourceTree = "<group>"; };
		2BE96DC9A7278563E5878CCD /* Pods_Beam.framework */ = {isa = PBXFileReference; explicitFileType = wrapper.framework; includeInIndex = 0; path = Pods_Beam.framework; sourceTree = BUILT_PRODUCTS_DIR; };
		520081932552C93600A6CAC6 /* CoreDataManager+backupExtension.swift */ = {isa = PBXFileReference; lastKnownFileType = sourcecode.swift; path = "CoreDataManager+backupExtension.swift"; sourceTree = "<group>"; };
		520081982552C97C00A6CAC6 /* TemporaryFile.swift */ = {isa = PBXFileReference; lastKnownFileType = sourcecode.swift; path = TemporaryFile.swift; sourceTree = "<group>"; };
		5204E864255ED13500458211 /* AccountManager.swift */ = {isa = PBXFileReference; lastKnownFileType = sourcecode.swift; path = AccountManager.swift; sourceTree = "<group>"; };
		5204E86D255ED1A700458211 /* APIRequest.swift */ = {isa = PBXFileReference; lastKnownFileType = sourcecode.swift; path = APIRequest.swift; sourceTree = "<group>"; };
		5204E88C255ED33200458211 /* Configuration.swift */ = {isa = PBXFileReference; lastKnownFileType = sourcecode.swift; path = Configuration.swift; sourceTree = "<group>"; };
		5204E892255ED4AB00458211 /* Information.swift */ = {isa = PBXFileReference; lastKnownFileType = sourcecode.swift; path = Information.swift; sourceTree = "<group>"; };
		5204E898255ED52A00458211 /* GraphqlParametersProtocol.swift */ = {isa = PBXFileReference; lastKnownFileType = sourcecode.swift; path = GraphqlParametersProtocol.swift; sourceTree = "<group>"; };
		5204E8A0255ED56200458211 /* AuthenticationManager.swift */ = {isa = PBXFileReference; fileEncoding = 4; lastKnownFileType = sourcecode.swift; path = AuthenticationManager.swift; sourceTree = "<group>"; };
		5204E8B1255ED5FF00458211 /* Logger.swift */ = {isa = PBXFileReference; fileEncoding = 4; lastKnownFileType = sourcecode.swift; path = Logger.swift; sourceTree = "<group>"; };
		5204E8B6255ED6AC00458211 /* UserSessionRequest.swift */ = {isa = PBXFileReference; fileEncoding = 4; lastKnownFileType = sourcecode.swift; path = UserSessionRequest.swift; sourceTree = "<group>"; };
		5204E8BB255ED6E100458211 /* APIResponse.swift */ = {isa = PBXFileReference; fileEncoding = 4; lastKnownFileType = sourcecode.swift; path = APIResponse.swift; sourceTree = "<group>"; };
		5204E8C0255ED6FC00458211 /* Me.swift */ = {isa = PBXFileReference; fileEncoding = 4; lastKnownFileType = sourcecode.swift; path = Me.swift; sourceTree = "<group>"; };
		5204E8C5255ED7EF00458211 /* Session.swift */ = {isa = PBXFileReference; fileEncoding = 4; lastKnownFileType = sourcecode.swift; path = Session.swift; sourceTree = "<group>"; };
		5204E8CE255ED96400458211 /* Persistence.swift */ = {isa = PBXFileReference; fileEncoding = 4; lastKnownFileType = sourcecode.swift; path = Persistence.swift; sourceTree = "<group>"; };
		5204E8D3255ED9D000458211 /* StandardStorable.swift */ = {isa = PBXFileReference; fileEncoding = 4; lastKnownFileType = sourcecode.swift; path = StandardStorable.swift; sourceTree = "<group>"; };
		5204E8DD255EDAA600458211 /* AuthenticationHandler.swift */ = {isa = PBXFileReference; fileEncoding = 4; lastKnownFileType = sourcecode.swift; path = AuthenticationHandler.swift; sourceTree = "<group>"; };
		5204E8E2255EDACE00458211 /* LibrairiesManager.swift */ = {isa = PBXFileReference; fileEncoding = 4; lastKnownFileType = sourcecode.swift; path = LibrairiesManager.swift; sourceTree = "<group>"; };
		5204E8F4255EDBF600458211 /* EventsTracker.swift */ = {isa = PBXFileReference; fileEncoding = 4; lastKnownFileType = sourcecode.swift; path = EventsTracker.swift; sourceTree = "<group>"; };
		520BFE5F2530A1D1009DF633 /* ViewModelFetchedResults.swift */ = {isa = PBXFileReference; lastKnownFileType = sourcecode.swift; path = ViewModelFetchedResults.swift; sourceTree = "<group>"; };
		520BFE7D25347F27009DF633 /* SearchBar.swift */ = {isa = PBXFileReference; lastKnownFileType = sourcecode.swift; path = SearchBar.swift; sourceTree = "<group>"; };
		520BFE8A2534B3E4009DF633 /* Note+CoreDataProperties.swift */ = {isa = PBXFileReference; lastKnownFileType = sourcecode.swift; path = "Note+CoreDataProperties.swift"; sourceTree = "<group>"; };
		521812B52524C354007E4B47 /* Note.swift */ = {isa = PBXFileReference; lastKnownFileType = sourcecode.swift; path = Note.swift; sourceTree = "<group>"; };
		521812BC2524C368007E4B47 /* Bullet.swift */ = {isa = PBXFileReference; lastKnownFileType = sourcecode.swift; path = Bullet.swift; sourceTree = "<group>"; };
		521812CE2524C597007E4B47 /* NoteTests.swift */ = {isa = PBXFileReference; lastKnownFileType = sourcecode.swift; path = NoteTests.swift; sourceTree = "<group>"; };
		521813082524CEC6007E4B47 /* Fakery.framework */ = {isa = PBXFileReference; explicitFileType = wrapper.framework; path = Fakery.framework; sourceTree = BUILT_PRODUCTS_DIR; };
		5218130E2524CEDC007E4B47 /* Fakery.framework */ = {isa = PBXFileReference; explicitFileType = wrapper.framework; path = Fakery.framework; sourceTree = BUILT_PRODUCTS_DIR; };
		52326F8B252F1A8E00A40F1E /* NSManagedObject+initExtension.swift */ = {isa = PBXFileReference; lastKnownFileType = sourcecode.swift; path = "NSManagedObject+initExtension.swift"; sourceTree = "<group>"; };
		523586452534BF4E006748E4 /* Bullet+CoreDataProperties.swift */ = {isa = PBXFileReference; lastKnownFileType = sourcecode.swift; path = "Bullet+CoreDataProperties.swift"; sourceTree = "<group>"; };
		52375B61256D2463003180E1 /* Release.xcconfig */ = {isa = PBXFileReference; lastKnownFileType = text.xcconfig; path = Release.xcconfig; sourceTree = "<group>"; };
		52375B75256D585A003180E1 /* OSLog.swift */ = {isa = PBXFileReference; lastKnownFileType = sourcecode.swift; path = OSLog.swift; sourceTree = "<group>"; };
		526B59E32562E7A700B358AA /* Configuration.plist */ = {isa = PBXFileReference; fileEncoding = 4; lastKnownFileType = text.plist.xml; path = Configuration.plist; sourceTree = "<group>"; };
		528E44262525BD4600B7C54E /* CoreDataManager.swift */ = {isa = PBXFileReference; lastKnownFileType = sourcecode.swift; path = CoreDataManager.swift; sourceTree = "<group>"; };
		52A66A162535E77D00CE247C /* ScrollableTextView.swift */ = {isa = PBXFileReference; lastKnownFileType = sourcecode.swift; path = ScrollableTextView.swift; sourceTree = "<group>"; };
		52A66A1E2535E8A500CE247C /* ScrollableTextView.xib */ = {isa = PBXFileReference; lastKnownFileType = file.xib; path = ScrollableTextView.xib; sourceTree = "<group>"; };
		52A66A232535E8FB00CE247C /* TextView.swift */ = {isa = PBXFileReference; lastKnownFileType = sourcecode.swift; path = TextView.swift; sourceTree = "<group>"; };
		52B5EF77252F520100914D52 /* CoreDataTests.swift */ = {isa = PBXFileReference; lastKnownFileType = sourcecode.swift; path = CoreDataTests.swift; sourceTree = "<group>"; };
		52C6A1DB2563FE2F00350EBE /* AccountWindow.swift */ = {isa = PBXFileReference; lastKnownFileType = sourcecode.swift; path = AccountWindow.swift; sourceTree = "<group>"; };
		52C6A1E02563FE6D00350EBE /* AccountDetail.swift */ = {isa = PBXFileReference; lastKnownFileType = sourcecode.swift; path = AccountDetail.swift; sourceTree = "<group>"; };
		52C6A1F4256417D100350EBE /* User.swift */ = {isa = PBXFileReference; lastKnownFileType = sourcecode.swift; path = User.swift; sourceTree = "<group>"; };
		52C6A22325644D3000350EBE /* AppDelegate+Account.swift */ = {isa = PBXFileReference; lastKnownFileType = sourcecode.swift; path = "AppDelegate+Account.swift"; sourceTree = "<group>"; };
		52C6A22825644D9000350EBE /* AppDelegate+CoreData.swift */ = {isa = PBXFileReference; lastKnownFileType = sourcecode.swift; path = "AppDelegate+CoreData.swift"; sourceTree = "<group>"; };
		52C6A22D25644E5B00350EBE /* AppDelegate+Note.swift */ = {isa = PBXFileReference; lastKnownFileType = sourcecode.swift; path = "AppDelegate+Note.swift"; sourceTree = "<group>"; };
		52C6A23225644EB100350EBE /* AppDelegate+URL.swift */ = {isa = PBXFileReference; lastKnownFileType = sourcecode.swift; path = "AppDelegate+URL.swift"; sourceTree = "<group>"; };
		52C82C73253059BC006C188C /* NotesWindow.swift */ = {isa = PBXFileReference; lastKnownFileType = sourcecode.swift; path = NotesWindow.swift; sourceTree = "<group>"; };
		52C82C7825305E27006C188C /* NotesContentView.swift */ = {isa = PBXFileReference; lastKnownFileType = sourcecode.swift; path = NotesContentView.swift; sourceTree = "<group>"; };
		52C82C7D25305FA1006C188C /* NoteRow.swift */ = {isa = PBXFileReference; lastKnownFileType = sourcecode.swift; path = NoteRow.swift; sourceTree = "<group>"; };
		52C82C8225306600006C188C /* NoteList.swift */ = {isa = PBXFileReference; lastKnownFileType = sourcecode.swift; path = NoteList.swift; sourceTree = "<group>"; };
		52C82C8725306637006C188C /* NoteDetail.swift */ = {isa = PBXFileReference; lastKnownFileType = sourcecode.swift; path = NoteDetail.swift; sourceTree = "<group>"; };
		52CE69342562F2DF00453429 /* forgot_password.graphql */ = {isa = PBXFileReference; lastKnownFileType = text; path = forgot_password.graphql; sourceTree = "<group>"; };
		52CE693C2562F2EA00453429 /* sign_in.graphql */ = {isa = PBXFileReference; lastKnownFileType = text; path = sign_in.graphql; sourceTree = "<group>"; };
		52CE69412562F2F700453429 /* sign_up.graphql */ = {isa = PBXFileReference; lastKnownFileType = text; path = sign_up.graphql; sourceTree = "<group>"; };
		52CE694F2562F6F400453429 /* Debug.xcconfig */ = {isa = PBXFileReference; lastKnownFileType = text.xcconfig; path = Debug.xcconfig; sourceTree = "<group>"; };
		52D4C6392535A4D800A00457 /* NotificationName.swift */ = {isa = PBXFileReference; lastKnownFileType = sourcecode.swift; path = NotificationName.swift; sourceTree = "<group>"; };
		52DC0F5725384F3400F2D594 /* NoteWindow.swift */ = {isa = PBXFileReference; lastKnownFileType = sourcecode.swift; path = NoteWindow.swift; sourceTree = "<group>"; };
		52DC10642539D23D00F2D594 /* BeamTextFormatter.swift */ = {isa = PBXFileReference; lastKnownFileType = sourcecode.swift; path = BeamTextFormatter.swift; sourceTree = "<group>"; };
		52DEF1C9252B259700561493 /* CoreDataManagerTests.swift */ = {isa = PBXFileReference; lastKnownFileType = sourcecode.swift; path = CoreDataManagerTests.swift; sourceTree = "<group>"; };
		52E04FD5252C7A4600AD9F56 /* writing_space.json */ = {isa = PBXFileReference; fileEncoding = 4; lastKnownFileType = text.json; path = writing_space.json; sourceTree = "<group>"; };
		52E04FE6252C7B9E00AD9F56 /* RoamImporter.swift */ = {isa = PBXFileReference; lastKnownFileType = sourcecode.swift; path = RoamImporter.swift; sourceTree = "<group>"; };
		52E04FEC252C814D00AD9F56 /* RoamImporterTests.swift */ = {isa = PBXFileReference; lastKnownFileType = sourcecode.swift; path = RoamImporterTests.swift; sourceTree = "<group>"; };
		52EB925C25668ED8003E49C5 /* PerformanceDebug.swift */ = {isa = PBXFileReference; fileEncoding = 4; lastKnownFileType = sourcecode.swift; path = PerformanceDebug.swift; sourceTree = "<group>"; };
		9601BA74254236730003BCFE /* JournalView.swift */ = {isa = PBXFileReference; lastKnownFileType = sourcecode.swift; path = JournalView.swift; sourceTree = "<group>"; };
		96062E3D254C5ECD00AAB78D /* DumpEnvironment.swift */ = {isa = PBXFileReference; lastKnownFileType = sourcecode.swift; path = DumpEnvironment.swift; sourceTree = "<group>"; };
		96062E45254C67C100AAB78D /* RoundRectButtonStyle.swift */ = {isa = PBXFileReference; lastKnownFileType = sourcecode.swift; path = RoundRectButtonStyle.swift; sourceTree = "<group>"; };
		96062E4A254C67E600AAB78D /* GlobalNoteTitle.swift */ = {isa = PBXFileReference; lastKnownFileType = sourcecode.swift; path = GlobalNoteTitle.swift; sourceTree = "<group>"; };
		96062E58254C690000AAB78D /* GlobalTabTitle.swift */ = {isa = PBXFileReference; lastKnownFileType = sourcecode.swift; path = GlobalTabTitle.swift; sourceTree = "<group>"; };
		96062E5D254C692B00AAB78D /* OmniBarSearchBox.swift */ = {isa = PBXFileReference; lastKnownFileType = sourcecode.swift; path = OmniBarSearchBox.swift; sourceTree = "<group>"; };
		96062E6D254C6D4C00AAB78D /* Frame.swift */ = {isa = PBXFileReference; lastKnownFileType = sourcecode.swift; path = Frame.swift; sourceTree = "<group>"; };
		96062E72254C74F200AAB78D /* Chevrons.swift */ = {isa = PBXFileReference; lastKnownFileType = sourcecode.swift; path = Chevrons.swift; sourceTree = "<group>"; };
		960B823B2571BB83006ECE77 /* BeamElement.swift */ = {isa = PBXFileReference; lastKnownFileType = sourcecode.swift; path = BeamElement.swift; sourceTree = "<group>"; };
		9631B00425541DC0007BF2DE /* SelectionObserver.js */ = {isa = PBXFileReference; lastKnownFileType = sourcecode.javascript; path = SelectionObserver.js; sourceTree = "<group>"; };
		9631B00625541DC1007BF2DE /* SFSymbolsFallback.ttf */ = {isa = PBXFileReference; lastKnownFileType = file; path = SFSymbolsFallback.ttf; sourceTree = "<group>"; };
		9631B00F25541E8D007BF2DE /* OverrideConsole.js */ = {isa = PBXFileReference; fileEncoding = 4; lastKnownFileType = sourcecode.javascript; path = OverrideConsole.js; sourceTree = "<group>"; };
		9631B01325541FB3007BF2DE /* Readability.js */ = {isa = PBXFileReference; fileEncoding = 4; lastKnownFileType = sourcecode.javascript; path = Readability.js; sourceTree = "<group>"; };
		9631B01725541FF6007BF2DE /* JSSourceLoader.swift */ = {isa = PBXFileReference; lastKnownFileType = sourcecode.swift; path = JSSourceLoader.swift; sourceTree = "<group>"; };
		9631B02A2554B34A007BF2DE /* Html2Md.swift */ = {isa = PBXFileReference; lastKnownFileType = sourcecode.swift; path = Html2Md.swift; sourceTree = "<group>"; };
		9631C76A251E3648009B40C4 /* NSView+Beam.swift */ = {isa = PBXFileReference; lastKnownFileType = sourcecode.swift; path = "NSView+Beam.swift"; sourceTree = "<group>"; };
		96354BD12543136000E40788 /* Symbol.swift */ = {isa = PBXFileReference; lastKnownFileType = sourcecode.swift; path = Symbol.swift; sourceTree = "<group>"; };
		964547AC2520CF3E0064D062 /* Font.swift */ = {isa = PBXFileReference; lastKnownFileType = sourcecode.swift; path = Font.swift; sourceTree = "<group>"; };
		964547B12520D19F0064D062 /* NSRect+Beam.swift */ = {isa = PBXFileReference; lastKnownFileType = sourcecode.swift; path = "NSRect+Beam.swift"; sourceTree = "<group>"; };
		964547B625212D760064D062 /* String+Ranges.swift */ = {isa = PBXFileReference; lastKnownFileType = sourcecode.swift; path = "String+Ranges.swift"; sourceTree = "<group>"; };
		9645481D25220EC90064D062 /* String+LoremIpsum.swift */ = {isa = PBXFileReference; lastKnownFileType = sourcecode.swift; path = "String+LoremIpsum.swift"; sourceTree = "<group>"; };
		96454822252216570064D062 /* NSRange+CFRange.swift */ = {isa = PBXFileReference; lastKnownFileType = sourcecode.swift; path = "NSRange+CFRange.swift"; sourceTree = "<group>"; };
		964548742522AD770064D062 /* NoteView.swift */ = {isa = PBXFileReference; lastKnownFileType = sourcecode.swift; path = NoteView.swift; sourceTree = "<group>"; };
		9645488C252382DB0064D062 /* Readability.swift */ = {isa = PBXFileReference; lastKnownFileType = sourcecode.swift; path = Readability.swift; sourceTree = "<group>"; };
		964548942523A9F50064D062 /* SearchKit.swift */ = {isa = PBXFileReference; lastKnownFileType = sourcecode.swift; path = SearchKit.swift; sourceTree = "<group>"; };
		9645489F2523B3550064D062 /* CloudKit.framework */ = {isa = PBXFileReference; lastKnownFileType = wrapper.framework; name = CloudKit.framework; path = System/Library/Frameworks/CloudKit.framework; sourceTree = SDKROOT; };
		96474E38254D977E00A920B3 /* BeamData.swift */ = {isa = PBXFileReference; lastKnownFileType = sourcecode.swift; path = BeamData.swift; sourceTree = "<group>"; };
		964A60C025680E37008126BF /* Tick.swift */ = {isa = PBXFileReference; lastKnownFileType = sourcecode.swift; path = Tick.swift; sourceTree = "<group>"; };
		964A60C425680E59008126BF /* Animation.swift */ = {isa = PBXFileReference; lastKnownFileType = sourcecode.swift; path = Animation.swift; sourceTree = "<group>"; };
		964A60CA256812C2008126BF /* FrameAnimation.swift */ = {isa = PBXFileReference; lastKnownFileType = sourcecode.swift; path = FrameAnimation.swift; sourceTree = "<group>"; };
		965A78252514F147009980D4 /* Beam.app */ = {isa = PBXFileReference; explicitFileType = wrapper.application; includeInIndex = 0; path = Beam.app; sourceTree = BUILT_PRODUCTS_DIR; };
		965A78282514F147009980D4 /* AppDelegate.swift */ = {isa = PBXFileReference; lastKnownFileType = sourcecode.swift; path = AppDelegate.swift; sourceTree = "<group>"; };
		965A782A2514F147009980D4 /* ContentView.swift */ = {isa = PBXFileReference; lastKnownFileType = sourcecode.swift; path = ContentView.swift; sourceTree = "<group>"; };
		965A782D2514F147009980D4 /* Beam.xcdatamodel */ = {isa = PBXFileReference; lastKnownFileType = wrapper.xcdatamodel; path = Beam.xcdatamodel; sourceTree = "<group>"; };
		965A782F2514F148009980D4 /* Assets.xcassets */ = {isa = PBXFileReference; lastKnownFileType = folder.assetcatalog; path = Assets.xcassets; sourceTree = "<group>"; };
		965A78322514F148009980D4 /* Preview Assets.xcassets */ = {isa = PBXFileReference; lastKnownFileType = folder.assetcatalog; path = "Preview Assets.xcassets"; sourceTree = "<group>"; };
		965A78352514F148009980D4 /* Base */ = {isa = PBXFileReference; lastKnownFileType = file.storyboard; name = Base; path = Base.lproj/Main.storyboard; sourceTree = "<group>"; };
		965A78372514F148009980D4 /* Info.plist */ = {isa = PBXFileReference; lastKnownFileType = text.plist.xml; path = Info.plist; sourceTree = "<group>"; };
		965A78382514F148009980D4 /* Beam.entitlements */ = {isa = PBXFileReference; lastKnownFileType = text.plist.entitlements; path = Beam.entitlements; sourceTree = "<group>"; };
		965A783D2514F149009980D4 /* BeamTests.xctest */ = {isa = PBXFileReference; explicitFileType = wrapper.cfbundle; includeInIndex = 0; path = BeamTests.xctest; sourceTree = BUILT_PRODUCTS_DIR; };
		965A78412514F149009980D4 /* BeamTests.swift */ = {isa = PBXFileReference; lastKnownFileType = sourcecode.swift; path = BeamTests.swift; sourceTree = "<group>"; };
		965A78432514F149009980D4 /* Info.plist */ = {isa = PBXFileReference; lastKnownFileType = text.plist.xml; path = Info.plist; sourceTree = "<group>"; };
		965A78482514F149009980D4 /* BeamUITests.xctest */ = {isa = PBXFileReference; explicitFileType = wrapper.cfbundle; includeInIndex = 0; path = BeamUITests.xctest; sourceTree = BUILT_PRODUCTS_DIR; };
		965A784C2514F149009980D4 /* BeamUITests.swift */ = {isa = PBXFileReference; lastKnownFileType = sourcecode.swift; path = BeamUITests.swift; sourceTree = "<group>"; };
		965A784E2514F149009980D4 /* Info.plist */ = {isa = PBXFileReference; lastKnownFileType = text.plist.xml; path = Info.plist; sourceTree = "<group>"; };
		965A785A2514F1AF009980D4 /* WebView.swift */ = {isa = PBXFileReference; fileEncoding = 4; lastKnownFileType = sourcecode.swift; path = WebView.swift; sourceTree = "<group>"; };
		965A785B2514F1AF009980D4 /* NavigationContext.swift */ = {isa = PBXFileReference; fileEncoding = 4; lastKnownFileType = sourcecode.swift; path = NavigationContext.swift; sourceTree = "<group>"; };
		965A785D2514F1AF009980D4 /* BeamNote.swift */ = {isa = PBXFileReference; fileEncoding = 4; lastKnownFileType = sourcecode.swift; path = BeamNote.swift; sourceTree = "<group>"; };
		965A78622514F57E009980D4 /* OmniBar.swift */ = {isa = PBXFileReference; lastKnownFileType = sourcecode.swift; path = OmniBar.swift; sourceTree = "<group>"; };
		965B195E2518EEFC00BCF01C /* SearchEngine.swift */ = {isa = PBXFileReference; lastKnownFileType = sourcecode.swift; path = SearchEngine.swift; sourceTree = "<group>"; };
		965B19632518F3BA00BCF01C /* BrowserTabBar.swift */ = {isa = PBXFileReference; lastKnownFileType = sourcecode.swift; path = BrowserTabBar.swift; sourceTree = "<group>"; };
		965B19682518F4F000BCF01C /* BrowserTabView.swift */ = {isa = PBXFileReference; lastKnownFileType = sourcecode.swift; path = BrowserTabView.swift; sourceTree = "<group>"; };
		965B19702518F59D00BCF01C /* BrowserTab.swift */ = {isa = PBXFileReference; lastKnownFileType = sourcecode.swift; path = BrowserTab.swift; sourceTree = "<group>"; };
		966B3540251BB2A800751322 /* BeamWindow.swift */ = {isa = PBXFileReference; lastKnownFileType = sourcecode.swift; path = BeamWindow.swift; sourceTree = "<group>"; };
		9671E871253F126400809436 /* TextEditCommands.swift */ = {isa = PBXFileReference; lastKnownFileType = sourcecode.swift; path = TextEditCommands.swift; sourceTree = "<group>"; };
		967B2684255465C5003F40E3 /* Html2MdTests.swift */ = {isa = PBXFileReference; lastKnownFileType = sourcecode.swift; path = Html2MdTests.swift; sourceTree = "<group>"; };
		967B269025546878003F40E3 /* String+URL.swift */ = {isa = PBXFileReference; lastKnownFileType = sourcecode.swift; path = "String+URL.swift"; sourceTree = "<group>"; };
		969084CB25365AAE009D3C96 /* ParserTests.swift */ = {isa = PBXFileReference; lastKnownFileType = sourcecode.swift; path = ParserTests.swift; sourceTree = "<group>"; };
		9694F77825155F8700399E6A /* AutoComplete.swift */ = {isa = PBXFileReference; lastKnownFileType = sourcecode.swift; path = AutoComplete.swift; sourceTree = "<group>"; };
		96A49B69253115C5003B4767 /* String+Regex.swift */ = {isa = PBXFileReference; lastKnownFileType = sourcecode.swift; path = "String+Regex.swift"; sourceTree = "<group>"; };
		96A49B6E2533ABC9003B4767 /* NSMutableAttributedString+Ranges.swift */ = {isa = PBXFileReference; lastKnownFileType = sourcecode.swift; path = "NSMutableAttributedString+Ranges.swift"; sourceTree = "<group>"; };
		96AF5CB52537611300A7988C /* AttributedStringVisitor.swift */ = {isa = PBXFileReference; lastKnownFileType = sourcecode.swift; path = AttributedStringVisitor.swift; sourceTree = "<group>"; };
		96B3A5ED253B99E000E8C366 /* NoteBackForwardList.swift */ = {isa = PBXFileReference; lastKnownFileType = sourcecode.swift; path = NoteBackForwardList.swift; sourceTree = "<group>"; };
		96B99AA0253F43DD008E3686 /* NSImage+CGImage.swift */ = {isa = PBXFileReference; lastKnownFileType = sourcecode.swift; path = "NSImage+CGImage.swift"; sourceTree = "<group>"; };
		96C039902520C67C00A2EDC7 /* TextEdit.swift */ = {isa = PBXFileReference; fileEncoding = 4; lastKnownFileType = sourcecode.swift; path = TextEdit.swift; sourceTree = "<group>"; };
		96C039972520CB9D00A2EDC7 /* Maths.swift */ = {isa = PBXFileReference; lastKnownFileType = sourcecode.swift; path = Maths.swift; sourceTree = "<group>"; };
		96C9CBE225348F0900D70AA6 /* .swiftlint.yml */ = {isa = PBXFileReference; lastKnownFileType = text.yaml; path = .swiftlint.yml; sourceTree = SOURCE_ROOT; };
		96C9CC382535C16800D70AA6 /* Lexer.swift */ = {isa = PBXFileReference; fileEncoding = 4; lastKnownFileType = sourcecode.swift; path = Lexer.swift; sourceTree = "<group>"; };
		96C9CC3D2535CE2C00D70AA6 /* LexerTests.swift */ = {isa = PBXFileReference; lastKnownFileType = sourcecode.swift; path = LexerTests.swift; sourceTree = "<group>"; };
		96C9CC422535FA4900D70AA6 /* Parser.swift */ = {isa = PBXFileReference; lastKnownFileType = sourcecode.swift; path = Parser.swift; sourceTree = "<group>"; };
		96D5F1742519F75600A19BBC /* BID.swift */ = {isa = PBXFileReference; lastKnownFileType = sourcecode.swift; path = BID.swift; sourceTree = "<group>"; };
		96E135692546DE4900133A24 /* TextEditOperations.swift */ = {isa = PBXFileReference; lastKnownFileType = sourcecode.swift; path = TextEditOperations.swift; sourceTree = "<group>"; };
		96E1356E2546F03900133A24 /* TextNodeTests.swift */ = {isa = PBXFileReference; lastKnownFileType = sourcecode.swift; path = TextNodeTests.swift; sourceTree = "<group>"; };
		96E1357C254723C500133A24 /* TextEditMovements.swift */ = {isa = PBXFileReference; lastKnownFileType = sourcecode.swift; path = TextEditMovements.swift; sourceTree = "<group>"; };
		96E13581254727A000133A24 /* TextRoot.swift */ = {isa = PBXFileReference; lastKnownFileType = sourcecode.swift; path = TextRoot.swift; sourceTree = "<group>"; };
		96F5DB0C25179F030080E3EE /* String+Localization.swift */ = {isa = PBXFileReference; lastKnownFileType = sourcecode.swift; path = "String+Localization.swift"; sourceTree = "<group>"; };
		96F5DB152517A0F10080E3EE /* NSContainerView.swift */ = {isa = PBXFileReference; lastKnownFileType = sourcecode.swift; path = NSContainerView.swift; sourceTree = "<group>"; };
		96F5DB1D2517A1E60080E3EE /* BNSTextField.swift */ = {isa = PBXFileReference; lastKnownFileType = sourcecode.swift; path = BNSTextField.swift; sourceTree = "<group>"; };
		96F5DB222517A2020080E3EE /* BTextField.swift */ = {isa = PBXFileReference; lastKnownFileType = sourcecode.swift; path = BTextField.swift; sourceTree = "<group>"; };
		96F5DB2A251811060080E3EE /* AutoCompleteList.swift */ = {isa = PBXFileReference; lastKnownFileType = sourcecode.swift; path = AutoCompleteList.swift; sourceTree = "<group>"; };
		96F5DB32251817DB0080E3EE /* AutoCompleteItem.swift */ = {isa = PBXFileReference; lastKnownFileType = sourcecode.swift; path = AutoCompleteItem.swift; sourceTree = "<group>"; };
		96F5DB37251820960080E3EE /* ClosedRange+Beam.swift */ = {isa = PBXFileReference; lastKnownFileType = sourcecode.swift; path = "ClosedRange+Beam.swift"; sourceTree = "<group>"; };
		96F5DB442518238C0080E3EE /* BeamState.swift */ = {isa = PBXFileReference; lastKnownFileType = sourcecode.swift; path = BeamState.swift; sourceTree = "<group>"; };
		96F5DB4925189DDF0080E3EE /* AutoCompleteView.swift */ = {isa = PBXFileReference; lastKnownFileType = sourcecode.swift; path = AutoCompleteView.swift; sourceTree = "<group>"; };
		96F6DCEA252DCF230054AF3B /* TextNode.swift */ = {isa = PBXFileReference; lastKnownFileType = sourcecode.swift; path = TextNode.swift; sourceTree = "<group>"; };
		9B355D858C3216B61BF461D9 /* Pods-BeamTests.release.xcconfig */ = {isa = PBXFileReference; includeInIndex = 1; lastKnownFileType = text.xcconfig; name = "Pods-BeamTests.release.xcconfig"; path = "Target Support Files/Pods-BeamTests/Pods-BeamTests.release.xcconfig"; sourceTree = "<group>"; };
		A3DE910688789AFBA4487533 /* Pods-Beam.debug.xcconfig */ = {isa = PBXFileReference; includeInIndex = 1; lastKnownFileType = text.xcconfig; name = "Pods-Beam.debug.xcconfig"; path = "Target Support Files/Pods-Beam/Pods-Beam.debug.xcconfig"; sourceTree = "<group>"; };
		C8379DEE387FB86FA7817188 /* Pods_BeamTests.framework */ = {isa = PBXFileReference; explicitFileType = wrapper.framework; includeInIndex = 0; path = Pods_BeamTests.framework; sourceTree = BUILT_PRODUCTS_DIR; };
		DA1B14ACD3E14C7CBEB0BA6F /* Pods-BeamTests.debug.xcconfig */ = {isa = PBXFileReference; includeInIndex = 1; lastKnownFileType = text.xcconfig; name = "Pods-BeamTests.debug.xcconfig"; path = "Target Support Files/Pods-BeamTests/Pods-BeamTests.debug.xcconfig"; sourceTree = "<group>"; };
/* End PBXFileReference section */

/* Begin PBXFrameworksBuildPhase section */
		965A78222514F147009980D4 /* Frameworks */ = {
			isa = PBXFrameworksBuildPhase;
			buildActionMask = 2147483647;
			files = (
				9631C747251CE997009B40C4 /* SwiftSoup in Frameworks */,
				964548A02523B3550064D062 /* CloudKit.framework in Frameworks */,
				96474E3F254D9ADB00A920B3 /* FavIcon in Frameworks */,
				9627FD4A2550203800926F0E /* Pods_Beam.framework in Frameworks */,
			);
			runOnlyForDeploymentPostprocessing = 0;
		};
		965A783A2514F149009980D4 /* Frameworks */ = {
			isa = PBXFrameworksBuildPhase;
			buildActionMask = 2147483647;
			files = (
				7D40159D41DDD593BDFDF664 /* Pods_BeamTests.framework in Frameworks */,
			);
			runOnlyForDeploymentPostprocessing = 0;
		};
		965A78452514F149009980D4 /* Frameworks */ = {
			isa = PBXFrameworksBuildPhase;
			buildActionMask = 2147483647;
			files = (
			);
			runOnlyForDeploymentPostprocessing = 0;
		};
/* End PBXFrameworksBuildPhase section */

/* Begin PBXGroup section */
		24EFBA757ACC5310A2D800B2 /* Frameworks */ = {
			isa = PBXGroup;
			children = (
				5218130E2524CEDC007E4B47 /* Fakery.framework */,
				521813082524CEC6007E4B47 /* Fakery.framework */,
				9645489F2523B3550064D062 /* CloudKit.framework */,
				2BE96DC9A7278563E5878CCD /* Pods_Beam.framework */,
				C8379DEE387FB86FA7817188 /* Pods_BeamTests.framework */,
			);
			name = Frameworks;
			sourceTree = "<group>";
		};
		5204E863255ED0C700458211 /* Managers */ = {
			isa = PBXGroup;
			children = (
				5204E8A0255ED56200458211 /* AuthenticationManager.swift */,
				5204E864255ED13500458211 /* AccountManager.swift */,
				5204E8E2255EDACE00458211 /* LibrairiesManager.swift */,
			);
			path = Managers;
			sourceTree = "<group>";
		};
		5204E86C255ED17E00458211 /* API */ = {
			isa = PBXGroup;
			children = (
				52CE69322562F2BD00453429 /* GraphqlRequests */,
				5204E897255ED50A00458211 /* GraphqlRequestsTypes */,
				5204E86D255ED1A700458211 /* APIRequest.swift */,
				5204E8DD255EDAA600458211 /* AuthenticationHandler.swift */,
				5204E8BB255ED6E100458211 /* APIResponse.swift */,
				5204E8B6255ED6AC00458211 /* UserSessionRequest.swift */,
			);
			path = API;
			sourceTree = "<group>";
		};
		5204E88B255ED32800458211 /* Configuration */ = {
			isa = PBXGroup;
			children = (
				5204E88C255ED33200458211 /* Configuration.swift */,
				526B59E32562E7A700B358AA /* Configuration.plist */,
				52CE694F2562F6F400453429 /* Debug.xcconfig */,
				52375B61256D2463003180E1 /* Release.xcconfig */,
			);
			path = Configuration;
			sourceTree = "<group>";
		};
		5204E891255ED49E00458211 /* Utils */ = {
			isa = PBXGroup;
			children = (
				5204E8CD255ED95300458211 /* Persistence */,
				5204E8B1255ED5FF00458211 /* Logger.swift */,
				52EB925C25668ED8003E49C5 /* PerformanceDebug.swift */,
				5204E892255ED4AB00458211 /* Information.swift */,
				5204E8F4255EDBF600458211 /* EventsTracker.swift */,
				52375B75256D585A003180E1 /* OSLog.swift */,
			);
			path = Utils;
			sourceTree = "<group>";
		};
		5204E897255ED50A00458211 /* GraphqlRequestsTypes */ = {
			isa = PBXGroup;
			children = (
				5204E898255ED52A00458211 /* GraphqlParametersProtocol.swift */,
				5204E8C0255ED6FC00458211 /* Me.swift */,
				52C6A1F4256417D100350EBE /* User.swift */,
				5204E8C5255ED7EF00458211 /* Session.swift */,
			);
			path = GraphqlRequestsTypes;
			sourceTree = "<group>";
		};
		5204E8CD255ED95300458211 /* Persistence */ = {
			isa = PBXGroup;
			children = (
				5204E8CE255ED96400458211 /* Persistence.swift */,
				5204E8D3255ED9D000458211 /* StandardStorable.swift */,
			);
			path = Persistence;
			sourceTree = "<group>";
		};
		521812AA2524C254007E4B47 /* CoreData */ = {
			isa = PBXGroup;
			children = (
				521812B52524C354007E4B47 /* Note.swift */,
				520BFE8A2534B3E4009DF633 /* Note+CoreDataProperties.swift */,
				521812BC2524C368007E4B47 /* Bullet.swift */,
				523586452534BF4E006748E4 /* Bullet+CoreDataProperties.swift */,
				528E44262525BD4600B7C54E /* CoreDataManager.swift */,
				520081932552C93600A6CAC6 /* CoreDataManager+backupExtension.swift */,
				520081982552C97C00A6CAC6 /* TemporaryFile.swift */,
				52326F8B252F1A8E00A40F1E /* NSManagedObject+initExtension.swift */,
				52D4C6392535A4D800A00457 /* NotificationName.swift */,
			);
			path = CoreData;
			sourceTree = "<group>";
		};
		52A43D90252C78E700178F3B /* Importers */ = {
			isa = PBXGroup;
			children = (
				52A43D91252C78F100178F3B /* Roam */,
			);
			path = Importers;
			sourceTree = "<group>";
		};
		52A43D91252C78F100178F3B /* Roam */ = {
			isa = PBXGroup;
			children = (
				52E04FE6252C7B9E00AD9F56 /* RoamImporter.swift */,
			);
			path = Roam;
			sourceTree = "<group>";
		};
		52A43D92252C790200178F3B /* DataModel */ = {
			isa = PBXGroup;
			children = (
				52A43D93252C790A00178F3B /* Importers */,
				52B5EF77252F520100914D52 /* CoreDataTests.swift */,
			);
			path = DataModel;
			sourceTree = "<group>";
		};
		52A43D93252C790A00178F3B /* Importers */ = {
			isa = PBXGroup;
			children = (
				52A43D94252C791600178F3B /* Fixtures */,
				52E04FEC252C814D00AD9F56 /* RoamImporterTests.swift */,
			);
			path = Importers;
			sourceTree = "<group>";
		};
		52A43D94252C791600178F3B /* Fixtures */ = {
			isa = PBXGroup;
			children = (
				52E04FD5252C7A4600AD9F56 /* writing_space.json */,
			);
			path = Fixtures;
			sourceTree = "<group>";
		};
		52C6A1DA2563FE1800350EBE /* Account */ = {
			isa = PBXGroup;
			children = (
				52C6A1DB2563FE2F00350EBE /* AccountWindow.swift */,
				52C6A1E02563FE6D00350EBE /* AccountDetail.swift */,
			);
			path = Account;
			sourceTree = "<group>";
		};
		52C82C6A25305984006C188C /* NotesList */ = {
			isa = PBXGroup;
			children = (
				52C82C73253059BC006C188C /* NotesWindow.swift */,
				52DC0F5725384F3400F2D594 /* NoteWindow.swift */,
				52C82C7825305E27006C188C /* NotesContentView.swift */,
				52C82C7D25305FA1006C188C /* NoteRow.swift */,
				52C82C8225306600006C188C /* NoteList.swift */,
				52C82C8725306637006C188C /* NoteDetail.swift */,
				520BFE5F2530A1D1009DF633 /* ViewModelFetchedResults.swift */,
				520BFE7D25347F27009DF633 /* SearchBar.swift */,
				52A66A162535E77D00CE247C /* ScrollableTextView.swift */,
				52A66A1E2535E8A500CE247C /* ScrollableTextView.xib */,
				52A66A232535E8FB00CE247C /* TextView.swift */,
			);
			path = NotesList;
			sourceTree = "<group>";
		};
		52CE69322562F2BD00453429 /* GraphqlRequests */ = {
			isa = PBXGroup;
			children = (
				52CE69332562F2C400453429 /* UserSession */,
			);
			path = GraphqlRequests;
			sourceTree = "<group>";
		};
		52CE69332562F2C400453429 /* UserSession */ = {
			isa = PBXGroup;
			children = (
				52CE69342562F2DF00453429 /* forgot_password.graphql */,
				52CE693C2562F2EA00453429 /* sign_in.graphql */,
				52CE69412562F2F700453429 /* sign_up.graphql */,
			);
			path = UserSession;
			sourceTree = "<group>";
		};
		52DC10632539D1C300F2D594 /* Text */ = {
			isa = PBXGroup;
			children = (
				52DC10642539D23D00F2D594 /* BeamTextFormatter.swift */,
			);
			path = Text;
			sourceTree = "<group>";
		};
		713DD2F4C2EE4FDED57ACC99 /* Pods */ = {
			isa = PBXGroup;
			children = (
				A3DE910688789AFBA4487533 /* Pods-Beam.debug.xcconfig */,
				23F7A69644D041FDF4D3466B /* Pods-Beam.release.xcconfig */,
				DA1B14ACD3E14C7CBEB0BA6F /* Pods-BeamTests.debug.xcconfig */,
				9B355D858C3216B61BF461D9 /* Pods-BeamTests.release.xcconfig */,
			);
			path = Pods;
			sourceTree = "<group>";
		};
		96062E62254C698300AAB78D /* OmniBar */ = {
			isa = PBXGroup;
			children = (
				965A78622514F57E009980D4 /* OmniBar.swift */,
				96062E4A254C67E600AAB78D /* GlobalNoteTitle.swift */,
				96062E58254C690000AAB78D /* GlobalTabTitle.swift */,
				96062E5D254C692B00AAB78D /* OmniBarSearchBox.swift */,
				96062E72254C74F200AAB78D /* Chevrons.swift */,
			);
			path = OmniBar;
			sourceTree = "<group>";
		};
		96062E63254C69B100AAB78D /* Browser */ = {
			isa = PBXGroup;
			children = (
				965A785A2514F1AF009980D4 /* WebView.swift */,
				965B19632518F3BA00BCF01C /* BrowserTabBar.swift */,
				965B19682518F4F000BCF01C /* BrowserTabView.swift */,
			);
			path = Browser;
			sourceTree = "<group>";
		};
		96062E64254C69CF00AAB78D /* Notes */ = {
			isa = PBXGroup;
			children = (
				964548742522AD770064D062 /* NoteView.swift */,
				9601BA74254236730003BCFE /* JournalView.swift */,
			);
			path = Notes;
			sourceTree = "<group>";
		};
		96062E65254C69F200AAB78D /* Utils */ = {
			isa = PBXGroup;
			children = (
				96062E3D254C5ECD00AAB78D /* DumpEnvironment.swift */,
				96F5DB222517A2020080E3EE /* BTextField.swift */,
				96354BD12543136000E40788 /* Symbol.swift */,
				96062E45254C67C100AAB78D /* RoundRectButtonStyle.swift */,
				96062E6D254C6D4C00AAB78D /* Frame.swift */,
			);
			path = Utils;
			sourceTree = "<group>";
		};
		96062E66254C6A0200AAB78D /* AutoComplete */ = {
			isa = PBXGroup;
			children = (
				96F5DB2A251811060080E3EE /* AutoCompleteList.swift */,
				96F5DB32251817DB0080E3EE /* AutoCompleteItem.swift */,
				96F5DB4925189DDF0080E3EE /* AutoCompleteView.swift */,
			);
			path = AutoComplete;
			sourceTree = "<group>";
		};
		9631B00325541DC0007BF2DE /* js */ = {
			isa = PBXGroup;
			children = (
				9631B01325541FB3007BF2DE /* Readability.js */,
				9631B00F25541E8D007BF2DE /* OverrideConsole.js */,
				9631B00425541DC0007BF2DE /* SelectionObserver.js */,
			);
			name = js;
			path = Resources/js;
			sourceTree = "<group>";
		};
		9631B00525541DC1007BF2DE /* fonts */ = {
			isa = PBXGroup;
			children = (
				9631B00625541DC1007BF2DE /* SFSymbolsFallback.ttf */,
			);
			path = fonts;
			sourceTree = "<group>";
		};
		9645488B252382AE0064D062 /* JS */ = {
			isa = PBXGroup;
			children = (
				9645488C252382DB0064D062 /* Readability.swift */,
				9631B01725541FF6007BF2DE /* JSSourceLoader.swift */,
			);
			path = JS;
			sourceTree = "<group>";
		};
		964A60BF25680E26008126BF /* Animations */ = {
			isa = PBXGroup;
			children = (
				964A60C025680E37008126BF /* Tick.swift */,
				964A60C425680E59008126BF /* Animation.swift */,
				964A60CA256812C2008126BF /* FrameAnimation.swift */,
			);
			path = Animations;
			sourceTree = "<group>";
		};
		965A781C2514F147009980D4 = {
			isa = PBXGroup;
			children = (
				965A78272514F147009980D4 /* Beam */,
				965A78402514F149009980D4 /* BeamTests */,
				965A784B2514F149009980D4 /* BeamUITests */,
				965A78262514F147009980D4 /* Products */,
				713DD2F4C2EE4FDED57ACC99 /* Pods */,
				24EFBA757ACC5310A2D800B2 /* Frameworks */,
			);
			sourceTree = "<group>";
		};
		965A78262514F147009980D4 /* Products */ = {
			isa = PBXGroup;
			children = (
				965A78252514F147009980D4 /* Beam.app */,
				965A783D2514F149009980D4 /* BeamTests.xctest */,
				965A78482514F149009980D4 /* BeamUITests.xctest */,
			);
			name = Products;
			sourceTree = "<group>";
		};
		965A78272514F147009980D4 /* Beam */ = {
			isa = PBXGroup;
			children = (
				5204E891255ED49E00458211 /* Utils */,
				5204E88B255ED32800458211 /* Configuration */,
				5204E86C255ED17E00458211 /* API */,
				5204E863255ED0C700458211 /* Managers */,
				52DC10632539D1C300F2D594 /* Text */,
				9645488B252382AE0064D062 /* JS */,
				96F5DB142517A0D80080E3EE /* AppKitCrap */,
				96F5DB0B25179EE40080E3EE /* Swift+Beam */,
				9694F77725155F7200399E6A /* Network */,
				965A785C2514F1AF009980D4 /* DataModel */,
				965A78612514F570009980D4 /* UI */,
				965A78282514F147009980D4 /* AppDelegate.swift */,
				52C6A23225644EB100350EBE /* AppDelegate+URL.swift */,
				52C6A22325644D3000350EBE /* AppDelegate+Account.swift */,
				52C6A22825644D9000350EBE /* AppDelegate+CoreData.swift */,
				52C6A22D25644E5B00350EBE /* AppDelegate+Note.swift */,
				965A782F2514F148009980D4 /* Assets.xcassets */,
				965A78342514F148009980D4 /* Main.storyboard */,
				965A78372514F148009980D4 /* Info.plist */,
				965A78382514F148009980D4 /* Beam.entitlements */,
				965A782C2514F147009980D4 /* Beam.xcdatamodeld */,
				96C9CBE225348F0900D70AA6 /* .swiftlint.yml */,
				9631B00525541DC1007BF2DE /* fonts */,
				9631B00325541DC0007BF2DE /* js */,
				965A78312514F148009980D4 /* Preview Content */,
			);
			path = Beam;
			sourceTree = "<group>";
		};
		965A78312514F148009980D4 /* Preview Content */ = {
			isa = PBXGroup;
			children = (
				965A78322514F148009980D4 /* Preview Assets.xcassets */,
			);
			path = "Preview Content";
			sourceTree = "<group>";
		};
		965A78402514F149009980D4 /* BeamTests */ = {
			isa = PBXGroup;
			children = (
				52A43D92252C790200178F3B /* DataModel */,
				965A78412514F149009980D4 /* BeamTests.swift */,
				521812CE2524C597007E4B47 /* NoteTests.swift */,
				52DEF1C9252B259700561493 /* CoreDataManagerTests.swift */,
				965A78432514F149009980D4 /* Info.plist */,
				96C9CC3D2535CE2C00D70AA6 /* LexerTests.swift */,
				969084CB25365AAE009D3C96 /* ParserTests.swift */,
				96E1356E2546F03900133A24 /* TextNodeTests.swift */,
				967B2684255465C5003F40E3 /* Html2MdTests.swift */,
			);
			path = BeamTests;
			sourceTree = "<group>";
		};
		965A784B2514F149009980D4 /* BeamUITests */ = {
			isa = PBXGroup;
			children = (
				965A784C2514F149009980D4 /* BeamUITests.swift */,
				965A784E2514F149009980D4 /* Info.plist */,
			);
			path = BeamUITests;
			sourceTree = "<group>";
		};
		965A785C2514F1AF009980D4 /* DataModel */ = {
			isa = PBXGroup;
			children = (
				52A43D90252C78E700178F3B /* Importers */,
				521812AA2524C254007E4B47 /* CoreData */,
				965A785B2514F1AF009980D4 /* NavigationContext.swift */,
				965A785D2514F1AF009980D4 /* BeamNote.swift */,
				96F5DB442518238C0080E3EE /* BeamState.swift */,
				965B195E2518EEFC00BCF01C /* SearchEngine.swift */,
				965B19702518F59D00BCF01C /* BrowserTab.swift */,
				96D5F1742519F75600A19BBC /* BID.swift */,
				964548942523A9F50064D062 /* SearchKit.swift */,
				96B3A5ED253B99E000E8C366 /* NoteBackForwardList.swift */,
				96474E38254D977E00A920B3 /* BeamData.swift */,
				9631B02A2554B34A007BF2DE /* Html2Md.swift */,
				960B823B2571BB83006ECE77 /* BeamElement.swift */,
			);
			path = DataModel;
			sourceTree = "<group>";
		};
		965A78612514F570009980D4 /* UI */ = {
			isa = PBXGroup;
			children = (
				52C6A1DA2563FE1800350EBE /* Account */,
				964A60BF25680E26008126BF /* Animations */,
				96062E66254C6A0200AAB78D /* AutoComplete */,
				96062E65254C69F200AAB78D /* Utils */,
				96062E64254C69CF00AAB78D /* Notes */,
				96062E63254C69B100AAB78D /* Browser */,
				96062E62254C698300AAB78D /* OmniBar */,
				52C82C6A25305984006C188C /* NotesList */,
				96C0398F2520C67C00A2EDC7 /* TextEditor */,
				965A782A2514F147009980D4 /* ContentView.swift */,
				966B3540251BB2A800751322 /* BeamWindow.swift */,
			);
			path = UI;
			sourceTree = "<group>";
		};
		9694F77725155F7200399E6A /* Network */ = {
			isa = PBXGroup;
			children = (
				9694F77825155F8700399E6A /* AutoComplete.swift */,
			);
			path = Network;
			sourceTree = "<group>";
		};
		96C0398F2520C67C00A2EDC7 /* TextEditor */ = {
			isa = PBXGroup;
			children = (
				96C9CC372535C16800D70AA6 /* Markdown */,
				96C039902520C67C00A2EDC7 /* TextEdit.swift */,
				964547AC2520CF3E0064D062 /* Font.swift */,
				96F6DCEA252DCF230054AF3B /* TextNode.swift */,
				9671E871253F126400809436 /* TextEditCommands.swift */,
				96E135692546DE4900133A24 /* TextEditOperations.swift */,
				96E1357C254723C500133A24 /* TextEditMovements.swift */,
				96E13581254727A000133A24 /* TextRoot.swift */,
			);
			path = TextEditor;
			sourceTree = "<group>";
		};
		96C9CC372535C16800D70AA6 /* Markdown */ = {
			isa = PBXGroup;
			children = (
				96C9CC382535C16800D70AA6 /* Lexer.swift */,
				96C9CC422535FA4900D70AA6 /* Parser.swift */,
				96AF5CB52537611300A7988C /* AttributedStringVisitor.swift */,
			);
			path = Markdown;
			sourceTree = "<group>";
		};
		96F5DB0B25179EE40080E3EE /* Swift+Beam */ = {
			isa = PBXGroup;
			children = (
				96F5DB0C25179F030080E3EE /* String+Localization.swift */,
				964547B625212D760064D062 /* String+Ranges.swift */,
				96A49B69253115C5003B4767 /* String+Regex.swift */,
				96F5DB37251820960080E3EE /* ClosedRange+Beam.swift */,
				96C039972520CB9D00A2EDC7 /* Maths.swift */,
				9645481D25220EC90064D062 /* String+LoremIpsum.swift */,
				96454822252216570064D062 /* NSRange+CFRange.swift */,
				96A49B6E2533ABC9003B4767 /* NSMutableAttributedString+Ranges.swift */,
				967B269025546878003F40E3 /* String+URL.swift */,
			);
			path = "Swift+Beam";
			sourceTree = "<group>";
		};
		96F5DB142517A0D80080E3EE /* AppKitCrap */ = {
			isa = PBXGroup;
			children = (
				96F5DB152517A0F10080E3EE /* NSContainerView.swift */,
				96F5DB1D2517A1E60080E3EE /* BNSTextField.swift */,
				964547B12520D19F0064D062 /* NSRect+Beam.swift */,
				9631C76A251E3648009B40C4 /* NSView+Beam.swift */,
				96B99AA0253F43DD008E3686 /* NSImage+CGImage.swift */,
			);
			path = AppKitCrap;
			sourceTree = "<group>";
		};
/* End PBXGroup section */

/* Begin PBXNativeTarget section */
		965A78242514F147009980D4 /* Beam */ = {
			isa = PBXNativeTarget;
			buildConfigurationList = 965A78512514F149009980D4 /* Build configuration list for PBXNativeTarget "Beam" */;
			buildPhases = (
				6302F3C9780586B509787840 /* [CP] Check Pods Manifest.lock */,
				529C0CC5251CFD0C00ED6BAF /* SwiftLint */,
				965A78212514F147009980D4 /* Sources */,
				965A78222514F147009980D4 /* Frameworks */,
				965A78232514F147009980D4 /* Resources */,
				6C1AE6F4B3DD3AA739D097FF /* [CP] Embed Pods Frameworks */,
				9627FD4C2550203800926F0E /* Embed Frameworks */,
			);
			buildRules = (
			);
			dependencies = (
			);
			name = Beam;
			packageProductDependencies = (
				9631C746251CE997009B40C4 /* SwiftSoup */,
				96474E3E254D9ADB00A920B3 /* FavIcon */,
			);
			productName = Beam;
			productReference = 965A78252514F147009980D4 /* Beam.app */;
			productType = "com.apple.product-type.application";
		};
		965A783C2514F149009980D4 /* BeamTests */ = {
			isa = PBXNativeTarget;
			buildConfigurationList = 965A78542514F149009980D4 /* Build configuration list for PBXNativeTarget "BeamTests" */;
			buildPhases = (
				78D399D86519BBC2ED87C1D9 /* [CP] Check Pods Manifest.lock */,
				965A78392514F149009980D4 /* Sources */,
				965A783A2514F149009980D4 /* Frameworks */,
				965A783B2514F149009980D4 /* Resources */,
				B131415B7922BB7DACA544E7 /* [CP] Embed Pods Frameworks */,
			);
			buildRules = (
			);
			dependencies = (
				965A783F2514F149009980D4 /* PBXTargetDependency */,
			);
			name = BeamTests;
			productName = BeamTests;
			productReference = 965A783D2514F149009980D4 /* BeamTests.xctest */;
			productType = "com.apple.product-type.bundle.unit-test";
		};
		965A78472514F149009980D4 /* BeamUITests */ = {
			isa = PBXNativeTarget;
			buildConfigurationList = 965A78572514F149009980D4 /* Build configuration list for PBXNativeTarget "BeamUITests" */;
			buildPhases = (
				965A78442514F149009980D4 /* Sources */,
				965A78452514F149009980D4 /* Frameworks */,
				965A78462514F149009980D4 /* Resources */,
			);
			buildRules = (
			);
			dependencies = (
				965A784A2514F149009980D4 /* PBXTargetDependency */,
			);
			name = BeamUITests;
			productName = BeamUITests;
			productReference = 965A78482514F149009980D4 /* BeamUITests.xctest */;
			productType = "com.apple.product-type.bundle.ui-testing";
		};
/* End PBXNativeTarget section */

/* Begin PBXProject section */
		965A781D2514F147009980D4 /* Project object */ = {
			isa = PBXProject;
			attributes = {
				LastSwiftUpdateCheck = 1200;
				LastUpgradeCheck = 1210;
				TargetAttributes = {
					965A78242514F147009980D4 = {
						CreatedOnToolsVersion = 12.0;
					};
					965A783C2514F149009980D4 = {
						CreatedOnToolsVersion = 12.0;
						TestTargetID = 965A78242514F147009980D4;
					};
					965A78472514F149009980D4 = {
						CreatedOnToolsVersion = 12.0;
						TestTargetID = 965A78242514F147009980D4;
					};
				};
			};
			buildConfigurationList = 965A78202514F147009980D4 /* Build configuration list for PBXProject "Beam" */;
			compatibilityVersion = "Xcode 9.3";
			developmentRegion = en;
			hasScannedForEncodings = 0;
			knownRegions = (
				en,
				Base,
			);
			mainGroup = 965A781C2514F147009980D4;
			packageReferences = (
				9631C745251CE997009B40C4 /* XCRemoteSwiftPackageReference "SwiftSoup" */,
				96474E3D254D9ADB00A920B3 /* XCRemoteSwiftPackageReference "FavIcon" */,
			);
			productRefGroup = 965A78262514F147009980D4 /* Products */;
			projectDirPath = "";
			projectRoot = "";
			targets = (
				965A78242514F147009980D4 /* Beam */,
				965A783C2514F149009980D4 /* BeamTests */,
				965A78472514F149009980D4 /* BeamUITests */,
			);
		};
/* End PBXProject section */

/* Begin PBXResourcesBuildPhase section */
		965A78232514F147009980D4 /* Resources */ = {
			isa = PBXResourcesBuildPhase;
			buildActionMask = 2147483647;
			files = (
				52CE69422562F2F700453429 /* sign_up.graphql in Resources */,
				965A78362514F148009980D4 /* Main.storyboard in Resources */,
				52CE69352562F2DF00453429 /* forgot_password.graphql in Resources */,
				52375B62256D2463003180E1 /* Release.xcconfig in Resources */,
				965A78332514F148009980D4 /* Preview Assets.xcassets in Resources */,
				52CE693D2562F2EA00453429 /* sign_in.graphql in Resources */,
				52A66A1F2535E8A500CE247C /* ScrollableTextView.xib in Resources */,
				526B59E42562E7A700B358AA /* Configuration.plist in Resources */,
				9631B01425541FB3007BF2DE /* Readability.js in Resources */,
				9631B00C25541DD0007BF2DE /* SelectionObserver.js in Resources */,
				9631B00925541DCB007BF2DE /* SFSymbolsFallback.ttf in Resources */,
				9631B01025541E8D007BF2DE /* OverrideConsole.js in Resources */,
				965A78302514F148009980D4 /* Assets.xcassets in Resources */,
			);
			runOnlyForDeploymentPostprocessing = 0;
		};
		965A783B2514F149009980D4 /* Resources */ = {
			isa = PBXResourcesBuildPhase;
			buildActionMask = 2147483647;
			files = (
				52E04FD6252C7A4600AD9F56 /* writing_space.json in Resources */,
			);
			runOnlyForDeploymentPostprocessing = 0;
		};
		965A78462514F149009980D4 /* Resources */ = {
			isa = PBXResourcesBuildPhase;
			buildActionMask = 2147483647;
			files = (
			);
			runOnlyForDeploymentPostprocessing = 0;
		};
/* End PBXResourcesBuildPhase section */

/* Begin PBXShellScriptBuildPhase section */
		529C0CC5251CFD0C00ED6BAF /* SwiftLint */ = {
			isa = PBXShellScriptBuildPhase;
			buildActionMask = 2147483647;
			files = (
			);
			inputFileListPaths = (
			);
			inputPaths = (
			);
			name = SwiftLint;
			outputFileListPaths = (
			);
			outputPaths = (
			);
			runOnlyForDeploymentPostprocessing = 0;
			shellPath = /bin/sh;
			shellScript = "\"${PODS_ROOT}/SwiftLint/swiftlint\" --lenient\n";
		};
		6302F3C9780586B509787840 /* [CP] Check Pods Manifest.lock */ = {
			isa = PBXShellScriptBuildPhase;
			buildActionMask = 2147483647;
			files = (
			);
			inputFileListPaths = (
			);
			inputPaths = (
				"${PODS_PODFILE_DIR_PATH}/Podfile.lock",
				"${PODS_ROOT}/Manifest.lock",
			);
			name = "[CP] Check Pods Manifest.lock";
			outputFileListPaths = (
			);
			outputPaths = (
				"$(DERIVED_FILE_DIR)/Pods-Beam-checkManifestLockResult.txt",
			);
			runOnlyForDeploymentPostprocessing = 0;
			shellPath = /bin/sh;
			shellScript = "diff \"${PODS_PODFILE_DIR_PATH}/Podfile.lock\" \"${PODS_ROOT}/Manifest.lock\" > /dev/null\nif [ $? != 0 ] ; then\n    # print error to STDERR\n    echo \"error: The sandbox is not in sync with the Podfile.lock. Run 'pod install' or update your CocoaPods installation.\" >&2\n    exit 1\nfi\n# This output is used by Xcode 'outputs' to avoid re-running this script phase.\necho \"SUCCESS\" > \"${SCRIPT_OUTPUT_FILE_0}\"\n";
			showEnvVarsInLog = 0;
		};
		6C1AE6F4B3DD3AA739D097FF /* [CP] Embed Pods Frameworks */ = {
			isa = PBXShellScriptBuildPhase;
			buildActionMask = 2147483647;
			files = (
			);
			inputFileListPaths = (
				"${PODS_ROOT}/Target Support Files/Pods-Beam/Pods-Beam-frameworks-${CONFIGURATION}-input-files.xcfilelist",
			);
			name = "[CP] Embed Pods Frameworks";
			outputFileListPaths = (
				"${PODS_ROOT}/Target Support Files/Pods-Beam/Pods-Beam-frameworks-${CONFIGURATION}-output-files.xcfilelist",
			);
			runOnlyForDeploymentPostprocessing = 0;
			shellPath = /bin/sh;
			shellScript = "\"${PODS_ROOT}/Target Support Files/Pods-Beam/Pods-Beam-frameworks.sh\"\n";
			showEnvVarsInLog = 0;
		};
		78D399D86519BBC2ED87C1D9 /* [CP] Check Pods Manifest.lock */ = {
			isa = PBXShellScriptBuildPhase;
			buildActionMask = 2147483647;
			files = (
			);
			inputFileListPaths = (
			);
			inputPaths = (
				"${PODS_PODFILE_DIR_PATH}/Podfile.lock",
				"${PODS_ROOT}/Manifest.lock",
			);
			name = "[CP] Check Pods Manifest.lock";
			outputFileListPaths = (
			);
			outputPaths = (
				"$(DERIVED_FILE_DIR)/Pods-BeamTests-checkManifestLockResult.txt",
			);
			runOnlyForDeploymentPostprocessing = 0;
			shellPath = /bin/sh;
			shellScript = "diff \"${PODS_PODFILE_DIR_PATH}/Podfile.lock\" \"${PODS_ROOT}/Manifest.lock\" > /dev/null\nif [ $? != 0 ] ; then\n    # print error to STDERR\n    echo \"error: The sandbox is not in sync with the Podfile.lock. Run 'pod install' or update your CocoaPods installation.\" >&2\n    exit 1\nfi\n# This output is used by Xcode 'outputs' to avoid re-running this script phase.\necho \"SUCCESS\" > \"${SCRIPT_OUTPUT_FILE_0}\"\n";
			showEnvVarsInLog = 0;
		};
		B131415B7922BB7DACA544E7 /* [CP] Embed Pods Frameworks */ = {
			isa = PBXShellScriptBuildPhase;
			buildActionMask = 2147483647;
			files = (
			);
			inputFileListPaths = (
				"${PODS_ROOT}/Target Support Files/Pods-BeamTests/Pods-BeamTests-frameworks-${CONFIGURATION}-input-files.xcfilelist",
			);
			name = "[CP] Embed Pods Frameworks";
			outputFileListPaths = (
				"${PODS_ROOT}/Target Support Files/Pods-BeamTests/Pods-BeamTests-frameworks-${CONFIGURATION}-output-files.xcfilelist",
			);
			runOnlyForDeploymentPostprocessing = 0;
			shellPath = /bin/sh;
			shellScript = "\"${PODS_ROOT}/Target Support Files/Pods-BeamTests/Pods-BeamTests-frameworks.sh\"\n";
			showEnvVarsInLog = 0;
		};
/* End PBXShellScriptBuildPhase section */

/* Begin PBXSourcesBuildPhase section */
		965A78212514F147009980D4 /* Sources */ = {
			isa = PBXSourcesBuildPhase;
			buildActionMask = 2147483647;
			files = (
				52C82C7925305E27006C188C /* NotesContentView.swift in Sources */,
				9631C76B251E3648009B40C4 /* NSView+Beam.swift in Sources */,
				967B269125546878003F40E3 /* String+URL.swift in Sources */,
				96AF5CB62537611300A7988C /* AttributedStringVisitor.swift in Sources */,
				521812BD2524C368007E4B47 /* Bullet.swift in Sources */,
				520BFE602530A1D1009DF633 /* ViewModelFetchedResults.swift in Sources */,
				96F5DB452518238C0080E3EE /* BeamState.swift in Sources */,
				96F6DCEB252DCF230054AF3B /* TextNode.swift in Sources */,
				9645481E25220EC90064D062 /* String+LoremIpsum.swift in Sources */,
				965A78632514F57E009980D4 /* OmniBar.swift in Sources */,
				965A782B2514F147009980D4 /* ContentView.swift in Sources */,
				96F5DB33251817DB0080E3EE /* AutoCompleteItem.swift in Sources */,
				96F5DB232517A2020080E3EE /* BTextField.swift in Sources */,
				52C6A1F5256417D100350EBE /* User.swift in Sources */,
				96D5F1752519F75600A19BBC /* BID.swift in Sources */,
				52C6A22425644D3000350EBE /* AppDelegate+Account.swift in Sources */,
				96B3A5EE253B99E000E8C366 /* NoteBackForwardList.swift in Sources */,
				96062E5E254C692B00AAB78D /* OmniBarSearchBox.swift in Sources */,
				96062E6E254C6D4C00AAB78D /* Frame.swift in Sources */,
				96F5DB2B251811060080E3EE /* AutoCompleteList.swift in Sources */,
				52C6A1DC2563FE2F00350EBE /* AccountWindow.swift in Sources */,
				965A785F2514F1AF009980D4 /* NavigationContext.swift in Sources */,
				964547AD2520CF3E0064D062 /* Font.swift in Sources */,
				5204E8D5255ED9D000458211 /* StandardStorable.swift in Sources */,
				52E04FE7252C7B9E00AD9F56 /* RoamImporter.swift in Sources */,
				96F5DB0D25179F030080E3EE /* String+Localization.swift in Sources */,
				5204E8CF255ED96400458211 /* Persistence.swift in Sources */,
				52C82C7E25305FA1006C188C /* NoteRow.swift in Sources */,
				965A785E2514F1AF009980D4 /* WebView.swift in Sources */,
				965B19692518F4F000BCF01C /* BrowserTabView.swift in Sources */,
				52D4C63A2535A4D800A00457 /* NotificationName.swift in Sources */,
				96062E73254C74F200AAB78D /* Chevrons.swift in Sources */,
				96C039982520CB9D00A2EDC7 /* Maths.swift in Sources */,
				5204E899255ED52A00458211 /* GraphqlParametersProtocol.swift in Sources */,
				96F5DB1E2517A1E60080E3EE /* BNSTextField.swift in Sources */,
				52DC0F5825384F3400F2D594 /* NoteWindow.swift in Sources */,
				52375B76256D585A003180E1 /* OSLog.swift in Sources */,
				964A60CB256812C2008126BF /* FrameAnimation.swift in Sources */,
				96062E46254C67C100AAB78D /* RoundRectButtonStyle.swift in Sources */,
				96E13582254727A000133A24 /* TextRoot.swift in Sources */,
				52EB925D25668ED8003E49C5 /* PerformanceDebug.swift in Sources */,
				52326F8C252F1A8E00A40F1E /* NSManagedObject+initExtension.swift in Sources */,
				52C6A23325644EB100350EBE /* AppDelegate+URL.swift in Sources */,
				965B19712518F59D00BCF01C /* BrowserTab.swift in Sources */,
				96C039922520C67C00A2EDC7 /* TextEdit.swift in Sources */,
				52C6A22E25644E5B00350EBE /* AppDelegate+Note.swift in Sources */,
				52C82C74253059BC006C188C /* NotesWindow.swift in Sources */,
				964547B22520D19F0064D062 /* NSRect+Beam.swift in Sources */,
				96062E59254C690000AAB78D /* GlobalTabTitle.swift in Sources */,
				520BFE8B2534B3E4009DF633 /* Note+CoreDataProperties.swift in Sources */,
				96F5DB4A25189DDF0080E3EE /* AutoCompleteView.swift in Sources */,
				96E1357D254723C500133A24 /* TextEditMovements.swift in Sources */,
				96A49B6F2533ABC9003B4767 /* NSMutableAttributedString+Ranges.swift in Sources */,
				5204E8F5255EDBF600458211 /* EventsTracker.swift in Sources */,
				9601BA75254236730003BCFE /* JournalView.swift in Sources */,
				96F5DB162517A0F10080E3EE /* NSContainerView.swift in Sources */,
				520BFE7E25347F27009DF633 /* SearchBar.swift in Sources */,
				52A66A242535E8FB00CE247C /* TextView.swift in Sources */,
				5204E893255ED4AB00458211 /* Information.swift in Sources */,
				523586462534BF4E006748E4 /* Bullet+CoreDataProperties.swift in Sources */,
				964548952523A9F50064D062 /* SearchKit.swift in Sources */,
				5204E8C6255ED7EF00458211 /* Session.swift in Sources */,
				96062E4B254C67E600AAB78D /* GlobalNoteTitle.swift in Sources */,
				965A78292514F147009980D4 /* AppDelegate.swift in Sources */,
				52DC10652539D23D00F2D594 /* BeamTextFormatter.swift in Sources */,
				9631B01825541FF6007BF2DE /* JSSourceLoader.swift in Sources */,
				965A782E2514F147009980D4 /* Beam.xcdatamodeld in Sources */,
				964548752522AD770064D062 /* NoteView.swift in Sources */,
				96474E39254D977E00A920B3 /* BeamData.swift in Sources */,
				965A78602514F1AF009980D4 /* BeamNote.swift in Sources */,
				96C9CC432535FA4900D70AA6 /* Parser.swift in Sources */,
				960B823C2571BB83006ECE77 /* BeamElement.swift in Sources */,
				5204E8BC255ED6E100458211 /* APIResponse.swift in Sources */,
				96A49B6A253115C5003B4767 /* String+Regex.swift in Sources */,
				964A60C125680E37008126BF /* Tick.swift in Sources */,
				965B195F2518EEFC00BCF01C /* SearchEngine.swift in Sources */,
				5204E8C1255ED6FC00458211 /* Me.swift in Sources */,
				5204E88D255ED33200458211 /* Configuration.swift in Sources */,
				96F5DB38251820960080E3EE /* ClosedRange+Beam.swift in Sources */,
				52C6A1E12563FE6D00350EBE /* AccountDetail.swift in Sources */,
				9671E872253F126400809436 /* TextEditCommands.swift in Sources */,
				96454823252216570064D062 /* NSRange+CFRange.swift in Sources */,
				96354BD22543136000E40788 /* Symbol.swift in Sources */,
				96E1356A2546DE4900133A24 /* TextEditOperations.swift in Sources */,
				96B99AA1253F43DD008E3686 /* NSImage+CGImage.swift in Sources */,
				5204E8DE255EDAA600458211 /* AuthenticationHandler.swift in Sources */,
				5204E8B7255ED6AC00458211 /* UserSessionRequest.swift in Sources */,
				52A66A172535E77D00CE247C /* ScrollableTextView.swift in Sources */,
				528E44272525BD4600B7C54E /* CoreDataManager.swift in Sources */,
				5204E8A1255ED56200458211 /* AuthenticationManager.swift in Sources */,
				96062E3E254C5ECD00AAB78D /* DumpEnvironment.swift in Sources */,
				964A60C525680E59008126BF /* Animation.swift in Sources */,
				52A66A172535E77D00CE247C /* ScrollableTextView.swift in Sources */,
				528E44272525BD4600B7C54E /* CoreDataManager.swift in Sources */,
				9631B02B2554B34A007BF2DE /* Html2Md.swift in Sources */,
				9694F77925155F8700399E6A /* AutoComplete.swift in Sources */,
				96C9CC392535C16800D70AA6 /* Lexer.swift in Sources */,
				965B19642518F3BA00BCF01C /* BrowserTabBar.swift in Sources */,
				520081992552C97C00A6CAC6 /* TemporaryFile.swift in Sources */,
				52C82C8325306600006C188C /* NoteList.swift in Sources */,
				5204E8B2255ED5FF00458211 /* Logger.swift in Sources */,
				966B3541251BB2A800751322 /* BeamWindow.swift in Sources */,
				521812B62524C354007E4B47 /* Note.swift in Sources */,
				5204E8E3255EDACE00458211 /* LibrairiesManager.swift in Sources */,
				5204E865255ED13500458211 /* AccountManager.swift in Sources */,
				9645488D252382DB0064D062 /* Readability.swift in Sources */,
				52C82C8825306637006C188C /* NoteDetail.swift in Sources */,
				520081942552C93600A6CAC6 /* CoreDataManager+backupExtension.swift in Sources */,
				5204E86E255ED1A700458211 /* APIRequest.swift in Sources */,
				964547B725212D760064D062 /* String+Ranges.swift in Sources */,
				52C6A22925644D9000350EBE /* AppDelegate+CoreData.swift in Sources */,
			);
			runOnlyForDeploymentPostprocessing = 0;
		};
		965A78392514F149009980D4 /* Sources */ = {
			isa = PBXSourcesBuildPhase;
			buildActionMask = 2147483647;
			files = (
				965A78422514F149009980D4 /* BeamTests.swift in Sources */,
				52E04FED252C814D00AD9F56 /* RoamImporterTests.swift in Sources */,
				52B5EF78252F520100914D52 /* CoreDataTests.swift in Sources */,
				52DEF1CA252B259700561493 /* CoreDataManagerTests.swift in Sources */,
				967B2685255465C5003F40E3 /* Html2MdTests.swift in Sources */,
				96E1356F2546F03900133A24 /* TextNodeTests.swift in Sources */,
				969084CC25365AAE009D3C96 /* ParserTests.swift in Sources */,
				521812CF2524C597007E4B47 /* NoteTests.swift in Sources */,
				96C9CC3E2535CE2C00D70AA6 /* LexerTests.swift in Sources */,
				52326F8D252F1A8E00A40F1E /* NSManagedObject+initExtension.swift in Sources */,
			);
			runOnlyForDeploymentPostprocessing = 0;
		};
		965A78442514F149009980D4 /* Sources */ = {
			isa = PBXSourcesBuildPhase;
			buildActionMask = 2147483647;
			files = (
				52326F8E252F1A8E00A40F1E /* NSManagedObject+initExtension.swift in Sources */,
				965A784D2514F149009980D4 /* BeamUITests.swift in Sources */,
			);
			runOnlyForDeploymentPostprocessing = 0;
		};
/* End PBXSourcesBuildPhase section */

/* Begin PBXTargetDependency section */
		965A783F2514F149009980D4 /* PBXTargetDependency */ = {
			isa = PBXTargetDependency;
			target = 965A78242514F147009980D4 /* Beam */;
			targetProxy = 965A783E2514F149009980D4 /* PBXContainerItemProxy */;
		};
		965A784A2514F149009980D4 /* PBXTargetDependency */ = {
			isa = PBXTargetDependency;
			target = 965A78242514F147009980D4 /* Beam */;
			targetProxy = 965A78492514F149009980D4 /* PBXContainerItemProxy */;
		};
/* End PBXTargetDependency section */

/* Begin PBXVariantGroup section */
		965A78342514F148009980D4 /* Main.storyboard */ = {
			isa = PBXVariantGroup;
			children = (
				965A78352514F148009980D4 /* Base */,
			);
			name = Main.storyboard;
			sourceTree = "<group>";
		};
/* End PBXVariantGroup section */

/* Begin XCBuildConfiguration section */
		965A784F2514F149009980D4 /* Debug */ = {
			isa = XCBuildConfiguration;
			baseConfigurationReference = 52CE694F2562F6F400453429 /* Debug.xcconfig */;
			buildSettings = {
				ALWAYS_SEARCH_USER_PATHS = NO;
				CLANG_ANALYZER_NONNULL = YES;
				CLANG_ANALYZER_NUMBER_OBJECT_CONVERSION = YES_AGGRESSIVE;
				CLANG_CXX_LANGUAGE_STANDARD = "gnu++14";
				CLANG_CXX_LIBRARY = "libc++";
				CLANG_ENABLE_MODULES = YES;
				CLANG_ENABLE_OBJC_ARC = YES;
				CLANG_ENABLE_OBJC_WEAK = YES;
				CLANG_WARN_BLOCK_CAPTURE_AUTORELEASING = YES;
				CLANG_WARN_BOOL_CONVERSION = YES;
				CLANG_WARN_COMMA = YES;
				CLANG_WARN_CONSTANT_CONVERSION = YES;
				CLANG_WARN_DEPRECATED_OBJC_IMPLEMENTATIONS = YES;
				CLANG_WARN_DIRECT_OBJC_ISA_USAGE = YES_ERROR;
				CLANG_WARN_DOCUMENTATION_COMMENTS = YES;
				CLANG_WARN_EMPTY_BODY = YES;
				CLANG_WARN_ENUM_CONVERSION = YES;
				CLANG_WARN_INFINITE_RECURSION = YES;
				CLANG_WARN_INT_CONVERSION = YES;
				CLANG_WARN_NON_LITERAL_NULL_CONVERSION = YES;
				CLANG_WARN_OBJC_IMPLICIT_RETAIN_SELF = YES;
				CLANG_WARN_OBJC_LITERAL_CONVERSION = YES;
				CLANG_WARN_OBJC_ROOT_CLASS = YES_ERROR;
				CLANG_WARN_QUOTED_INCLUDE_IN_FRAMEWORK_HEADER = YES;
				CLANG_WARN_RANGE_LOOP_ANALYSIS = YES;
				CLANG_WARN_STRICT_PROTOTYPES = YES;
				CLANG_WARN_SUSPICIOUS_MOVE = YES;
				CLANG_WARN_UNGUARDED_AVAILABILITY = YES_AGGRESSIVE;
				CLANG_WARN_UNREACHABLE_CODE = YES;
				CLANG_WARN__DUPLICATE_METHOD_MATCH = YES;
				COPY_PHASE_STRIP = NO;
				DEBUG_INFORMATION_FORMAT = dwarf;
				ENABLE_STRICT_OBJC_MSGSEND = YES;
				ENABLE_TESTABILITY = YES;
				GCC_C_LANGUAGE_STANDARD = gnu11;
				GCC_DYNAMIC_NO_PIC = NO;
				GCC_NO_COMMON_BLOCKS = YES;
				GCC_OPTIMIZATION_LEVEL = 0;
				GCC_PREPROCESSOR_DEFINITIONS = (
					"DEBUG=1",
					"$(inherited)",
				);
				GCC_WARN_64_TO_32_BIT_CONVERSION = YES;
				GCC_WARN_ABOUT_RETURN_TYPE = YES_ERROR;
				GCC_WARN_UNDECLARED_SELECTOR = YES;
				GCC_WARN_UNINITIALIZED_AUTOS = YES_AGGRESSIVE;
				GCC_WARN_UNUSED_FUNCTION = YES;
				GCC_WARN_UNUSED_VARIABLE = YES;
				MACOSX_DEPLOYMENT_TARGET = 10.15;
				MTL_ENABLE_DEBUG_INFO = INCLUDE_SOURCE;
				MTL_FAST_MATH = YES;
				ONLY_ACTIVE_ARCH = YES;
				OTHER_SWIFT_FLAGS = "$(CUSTOM_OTHER_SWIFT_FLAGS)";
				SDKROOT = macosx;
				SWIFT_ACTIVE_COMPILATION_CONDITIONS = DEBUG;
				SWIFT_OPTIMIZATION_LEVEL = "-Onone";
			};
			name = Debug;
		};
		965A78502514F149009980D4 /* Release */ = {
			isa = XCBuildConfiguration;
			baseConfigurationReference = 52375B61256D2463003180E1 /* Release.xcconfig */;
			buildSettings = {
				ALWAYS_SEARCH_USER_PATHS = NO;
				CLANG_ANALYZER_NONNULL = YES;
				CLANG_ANALYZER_NUMBER_OBJECT_CONVERSION = YES_AGGRESSIVE;
				CLANG_CXX_LANGUAGE_STANDARD = "gnu++14";
				CLANG_CXX_LIBRARY = "libc++";
				CLANG_ENABLE_MODULES = YES;
				CLANG_ENABLE_OBJC_ARC = YES;
				CLANG_ENABLE_OBJC_WEAK = YES;
				CLANG_WARN_BLOCK_CAPTURE_AUTORELEASING = YES;
				CLANG_WARN_BOOL_CONVERSION = YES;
				CLANG_WARN_COMMA = YES;
				CLANG_WARN_CONSTANT_CONVERSION = YES;
				CLANG_WARN_DEPRECATED_OBJC_IMPLEMENTATIONS = YES;
				CLANG_WARN_DIRECT_OBJC_ISA_USAGE = YES_ERROR;
				CLANG_WARN_DOCUMENTATION_COMMENTS = YES;
				CLANG_WARN_EMPTY_BODY = YES;
				CLANG_WARN_ENUM_CONVERSION = YES;
				CLANG_WARN_INFINITE_RECURSION = YES;
				CLANG_WARN_INT_CONVERSION = YES;
				CLANG_WARN_NON_LITERAL_NULL_CONVERSION = YES;
				CLANG_WARN_OBJC_IMPLICIT_RETAIN_SELF = YES;
				CLANG_WARN_OBJC_LITERAL_CONVERSION = YES;
				CLANG_WARN_OBJC_ROOT_CLASS = YES_ERROR;
				CLANG_WARN_QUOTED_INCLUDE_IN_FRAMEWORK_HEADER = YES;
				CLANG_WARN_RANGE_LOOP_ANALYSIS = YES;
				CLANG_WARN_STRICT_PROTOTYPES = YES;
				CLANG_WARN_SUSPICIOUS_MOVE = YES;
				CLANG_WARN_UNGUARDED_AVAILABILITY = YES_AGGRESSIVE;
				CLANG_WARN_UNREACHABLE_CODE = YES;
				CLANG_WARN__DUPLICATE_METHOD_MATCH = YES;
				COPY_PHASE_STRIP = NO;
				DEBUG_INFORMATION_FORMAT = "dwarf-with-dsym";
				ENABLE_NS_ASSERTIONS = NO;
				ENABLE_STRICT_OBJC_MSGSEND = YES;
				GCC_C_LANGUAGE_STANDARD = gnu11;
				GCC_NO_COMMON_BLOCKS = YES;
				GCC_WARN_64_TO_32_BIT_CONVERSION = YES;
				GCC_WARN_ABOUT_RETURN_TYPE = YES_ERROR;
				GCC_WARN_UNDECLARED_SELECTOR = YES;
				GCC_WARN_UNINITIALIZED_AUTOS = YES_AGGRESSIVE;
				GCC_WARN_UNUSED_FUNCTION = YES;
				GCC_WARN_UNUSED_VARIABLE = YES;
				MACOSX_DEPLOYMENT_TARGET = 10.15;
				MTL_ENABLE_DEBUG_INFO = NO;
				MTL_FAST_MATH = YES;
				OTHER_SWIFT_FLAGS = "$(CUSTOM_OTHER_SWIFT_FLAGS)";
				SDKROOT = macosx;
				SWIFT_COMPILATION_MODE = wholemodule;
				SWIFT_OPTIMIZATION_LEVEL = "-O";
			};
			name = Release;
		};
		965A78522514F149009980D4 /* Debug */ = {
			isa = XCBuildConfiguration;
			baseConfigurationReference = A3DE910688789AFBA4487533 /* Pods-Beam.debug.xcconfig */;
			buildSettings = {
				ARCHS = x86_64;
				ASSETCATALOG_COMPILER_APPICON_NAME = AppIcon;
				ASSETCATALOG_COMPILER_GLOBAL_ACCENT_COLOR_NAME = AccentColor;
				CODE_SIGN_ENTITLEMENTS = Beam/Beam.entitlements;
				CODE_SIGN_IDENTITY = "Apple Development";
				CODE_SIGN_STYLE = Automatic;
				COMBINE_HIDPI_IMAGES = YES;
				DEVELOPMENT_ASSET_PATHS = "\"Beam/Preview Content\"";
				DEVELOPMENT_TEAM = X87W5M786F;
				ENABLE_HARDENED_RUNTIME = YES;
				ENABLE_PREVIEWS = YES;
				INFOPLIST_FILE = Beam/Info.plist;
				LD_RUNPATH_SEARCH_PATHS = (
					"$(inherited)",
					"@executable_path/../Frameworks",
				);
				MACOSX_DEPLOYMENT_TARGET = 10.15;
				MARKETING_VERSION = 0.1;
				PRODUCT_BUNDLE_IDENTIFIER = co.beamApp.Beam;
				PRODUCT_NAME = "$(TARGET_NAME)";
				PROVISIONING_PROFILE_SPECIFIER = "";
				SWIFT_VERSION = 5.0;
			};
			name = Debug;
		};
		965A78532514F149009980D4 /* Release */ = {
			isa = XCBuildConfiguration;
			baseConfigurationReference = 23F7A69644D041FDF4D3466B /* Pods-Beam.release.xcconfig */;
			buildSettings = {
				ARCHS = x86_64;
				ASSETCATALOG_COMPILER_APPICON_NAME = AppIcon;
				ASSETCATALOG_COMPILER_GLOBAL_ACCENT_COLOR_NAME = AccentColor;
				CODE_SIGN_ENTITLEMENTS = Beam/Beam.entitlements;
				CODE_SIGN_IDENTITY = "Apple Development";
				CODE_SIGN_STYLE = Automatic;
				COMBINE_HIDPI_IMAGES = YES;
				DEVELOPMENT_ASSET_PATHS = "\"Beam/Preview Content\"";
				DEVELOPMENT_TEAM = X87W5M786F;
				ENABLE_HARDENED_RUNTIME = YES;
				ENABLE_PREVIEWS = YES;
				INFOPLIST_FILE = Beam/Info.plist;
				LD_RUNPATH_SEARCH_PATHS = (
					"$(inherited)",
					"@executable_path/../Frameworks",
				);
				MACOSX_DEPLOYMENT_TARGET = 10.15;
				MARKETING_VERSION = 0.1;
				PRODUCT_BUNDLE_IDENTIFIER = co.beamApp.Beam;
				PRODUCT_NAME = "$(TARGET_NAME)";
				PROVISIONING_PROFILE_SPECIFIER = "";
				SWIFT_VERSION = 5.0;
			};
			name = Release;
		};
		965A78552514F149009980D4 /* Debug */ = {
			isa = XCBuildConfiguration;
			baseConfigurationReference = DA1B14ACD3E14C7CBEB0BA6F /* Pods-BeamTests.debug.xcconfig */;
			buildSettings = {
				ALWAYS_EMBED_SWIFT_STANDARD_LIBRARIES = "$(inherited)";
				BUNDLE_LOADER = "$(TEST_HOST)";
				CODE_SIGN_IDENTITY = "Apple Development";
				CODE_SIGN_STYLE = Automatic;
				COMBINE_HIDPI_IMAGES = YES;
				DEVELOPMENT_TEAM = X87W5M786F;
				INFOPLIST_FILE = BeamTests/Info.plist;
				LD_RUNPATH_SEARCH_PATHS = (
					"$(inherited)",
					"@executable_path/../Frameworks",
					"@loader_path/../Frameworks",
				);
				PRODUCT_BUNDLE_IDENTIFIER = com.beam.BeamTests;
				PRODUCT_NAME = "$(TARGET_NAME)";
				SWIFT_VERSION = 5.0;
				TEST_HOST = "$(BUILT_PRODUCTS_DIR)/Beam.app/Contents/MacOS/Beam";
			};
			name = Debug;
		};
		965A78562514F149009980D4 /* Release */ = {
			isa = XCBuildConfiguration;
			baseConfigurationReference = 9B355D858C3216B61BF461D9 /* Pods-BeamTests.release.xcconfig */;
			buildSettings = {
				ALWAYS_EMBED_SWIFT_STANDARD_LIBRARIES = "$(inherited)";
				BUNDLE_LOADER = "$(TEST_HOST)";
				CODE_SIGN_IDENTITY = "Apple Development";
				CODE_SIGN_STYLE = Automatic;
				COMBINE_HIDPI_IMAGES = YES;
				DEVELOPMENT_TEAM = X87W5M786F;
				INFOPLIST_FILE = BeamTests/Info.plist;
				LD_RUNPATH_SEARCH_PATHS = (
					"$(inherited)",
					"@executable_path/../Frameworks",
					"@loader_path/../Frameworks",
				);
				PRODUCT_BUNDLE_IDENTIFIER = com.beam.BeamTests;
				PRODUCT_NAME = "$(TARGET_NAME)";
				SWIFT_VERSION = 5.0;
				TEST_HOST = "$(BUILT_PRODUCTS_DIR)/Beam.app/Contents/MacOS/Beam";
			};
			name = Release;
		};
		965A78582514F149009980D4 /* Debug */ = {
			isa = XCBuildConfiguration;
			buildSettings = {
				ALWAYS_EMBED_SWIFT_STANDARD_LIBRARIES = "$(inherited)";
				CODE_SIGN_STYLE = Automatic;
				COMBINE_HIDPI_IMAGES = YES;
				DEVELOPMENT_TEAM = X87W5M786F;
				INFOPLIST_FILE = BeamUITests/Info.plist;
				LD_RUNPATH_SEARCH_PATHS = (
					"$(inherited)",
					"@executable_path/../Frameworks",
					"@loader_path/../Frameworks",
				);
				MACOSX_DEPLOYMENT_TARGET = 10.15;
				PRODUCT_BUNDLE_IDENTIFIER = com.beam.BeamUITests;
				PRODUCT_NAME = "$(TARGET_NAME)";
				SWIFT_VERSION = 5.0;
				TEST_TARGET_NAME = Beam;
			};
			name = Debug;
		};
		965A78592514F149009980D4 /* Release */ = {
			isa = XCBuildConfiguration;
			buildSettings = {
				ALWAYS_EMBED_SWIFT_STANDARD_LIBRARIES = "$(inherited)";
				CODE_SIGN_STYLE = Automatic;
				COMBINE_HIDPI_IMAGES = YES;
				DEVELOPMENT_TEAM = X87W5M786F;
				INFOPLIST_FILE = BeamUITests/Info.plist;
				LD_RUNPATH_SEARCH_PATHS = (
					"$(inherited)",
					"@executable_path/../Frameworks",
					"@loader_path/../Frameworks",
				);
				MACOSX_DEPLOYMENT_TARGET = 10.15;
				PRODUCT_BUNDLE_IDENTIFIER = com.beam.BeamUITests;
				PRODUCT_NAME = "$(TARGET_NAME)";
				SWIFT_VERSION = 5.0;
				TEST_TARGET_NAME = Beam;
			};
			name = Release;
		};
/* End XCBuildConfiguration section */

/* Begin XCConfigurationList section */
		965A78202514F147009980D4 /* Build configuration list for PBXProject "Beam" */ = {
			isa = XCConfigurationList;
			buildConfigurations = (
				965A784F2514F149009980D4 /* Debug */,
				965A78502514F149009980D4 /* Release */,
			);
			defaultConfigurationIsVisible = 0;
			defaultConfigurationName = Release;
		};
		965A78512514F149009980D4 /* Build configuration list for PBXNativeTarget "Beam" */ = {
			isa = XCConfigurationList;
			buildConfigurations = (
				965A78522514F149009980D4 /* Debug */,
				965A78532514F149009980D4 /* Release */,
			);
			defaultConfigurationIsVisible = 0;
			defaultConfigurationName = Release;
		};
		965A78542514F149009980D4 /* Build configuration list for PBXNativeTarget "BeamTests" */ = {
			isa = XCConfigurationList;
			buildConfigurations = (
				965A78552514F149009980D4 /* Debug */,
				965A78562514F149009980D4 /* Release */,
			);
			defaultConfigurationIsVisible = 0;
			defaultConfigurationName = Release;
		};
		965A78572514F149009980D4 /* Build configuration list for PBXNativeTarget "BeamUITests" */ = {
			isa = XCConfigurationList;
			buildConfigurations = (
				965A78582514F149009980D4 /* Debug */,
				965A78592514F149009980D4 /* Release */,
			);
			defaultConfigurationIsVisible = 0;
			defaultConfigurationName = Release;
		};
/* End XCConfigurationList section */

/* Begin XCRemoteSwiftPackageReference section */
		9631C745251CE997009B40C4 /* XCRemoteSwiftPackageReference "SwiftSoup" */ = {
			isa = XCRemoteSwiftPackageReference;
			repositoryURL = "https://github.com/scinfu/SwiftSoup.git";
			requirement = {
				kind = upToNextMajorVersion;
				minimumVersion = 2.3.2;
			};
		};
		96474E3D254D9ADB00A920B3 /* XCRemoteSwiftPackageReference "FavIcon" */ = {
			isa = XCRemoteSwiftPackageReference;
			repositoryURL = "https://github.com/leonbreedt/FavIcon.git";
			requirement = {
				kind = upToNextMajorVersion;
				minimumVersion = 3.1.0;
			};
		};
/* End XCRemoteSwiftPackageReference section */

/* Begin XCSwiftPackageProductDependency section */
		9631C746251CE997009B40C4 /* SwiftSoup */ = {
			isa = XCSwiftPackageProductDependency;
			package = 9631C745251CE997009B40C4 /* XCRemoteSwiftPackageReference "SwiftSoup" */;
			productName = SwiftSoup;
		};
		96474E3E254D9ADB00A920B3 /* FavIcon */ = {
			isa = XCSwiftPackageProductDependency;
			package = 96474E3D254D9ADB00A920B3 /* XCRemoteSwiftPackageReference "FavIcon" */;
			productName = FavIcon;
		};
/* End XCSwiftPackageProductDependency section */

/* Begin XCVersionGroup section */
		965A782C2514F147009980D4 /* Beam.xcdatamodeld */ = {
			isa = XCVersionGroup;
			children = (
				965A782D2514F147009980D4 /* Beam.xcdatamodel */,
			);
			currentVersion = 965A782D2514F147009980D4 /* Beam.xcdatamodel */;
			path = Beam.xcdatamodeld;
			sourceTree = "<group>";
			versionGroupType = wrapper.xcdatamodel;
		};
/* End XCVersionGroup section */
	};
	rootObject = 965A781D2514F147009980D4 /* Project object */;
}
