{
  "object": {
    "pins": [
      {
        "package": "Down",
        "repositoryURL": "https://github.com/5sw/Down.git",
        "state": {
          "branch": "sequence",
          "revision": "02f8185d26c0d3f7093beb6fccdf5903576d2ad6",
          "version": null
        }
      },
      {
        "package": "FavIcon",
        "repositoryURL": "https://github.com/leonbreedt/FavIcon.git",
        "state": {
          "branch": null,
          "revision": "5bf16aad3ea543891eaef7e8da2aa2f6bb29e6e4",
          "version": "3.1.0"
        }
      },
      {
        "package": "SwiftSoup",
        "repositoryURL": "https://github.com/scinfu/SwiftSoup.git",
        "state": {
          "branch": null,
          "revision": "774dc9c7213085db8aa59595e27c1cd22e428904",
          "version": "2.3.2"
        }
      },
      {
        "package": "VisualEffects",
        "repositoryURL": "https://github.com/twostraws/VisualEffects.git",
        "state": {
          "branch": null,
          "revision": "8ff7f90f9650d9db5774275d0b1f07ef642ecf4d",
          "version": "1.0.3"
        }
      }
    ]
  },
  "version": 1
}
