{
  "object": {
    "pins": [
      {
        "package": "Down",
        "repositoryURL": "https://github.com/5sw/Down.git",
        "state": {
          "branch": "sequence",
          "revision": "f51fe29372080d3a4b569d92eac623d7284a7017",
          "version": null
        }
      },
      {
        "package": "SwiftSoup",
        "repositoryURL": "https://github.com/scinfu/SwiftSoup.git",
        "state": {
          "branch": null,
          "revision": "774dc9c7213085db8aa59595e27c1cd22e428904",
          "version": "2.3.2"
        }
      },
      {
        "package": "VisualEffects",
        "repositoryURL": "https://github.com/twostraws/VisualEffects.git",
        "state": {
          "branch": null,
          "revision": "8ff7f90f9650d9db5774275d0b1f07ef642ecf4d",
          "version": "1.0.3"
        }
      }
    ]
  },
  "version": 1
}
