{
  "object": {
    "pins": [
      {
        "package": "FavIcon",
        "repositoryURL": "https://github.com/leonbreedt/FavIcon.git",
        "state": {
          "branch": null,
          "revision": "5bf16aad3ea543891eaef7e8da2aa2f6bb29e6e4",
          "version": "3.1.0"
        }
      },
      {
        "package": "SwiftSoup",
        "repositoryURL": "https://github.com/scinfu/SwiftSoup.git",
        "state": {
          "branch": null,
          "revision": "774dc9c7213085db8aa59595e27c1cd22e428904",
          "version": "2.3.2"
        }
      }
    ]
  },
  "version": 1
}
