{
  "object": {
    "pins": [
      {
        "package": "Socket",
        "repositoryURL": "https://github.com/Kitura/BlueSocket.git",
        "state": {
          "branch": null,
          "revision": "c9894fd117457f1d006575fbfb2fdfd6f79eac03",
          "version": "1.0.200"
        }
      },
      {
        "package": "SSLService",
        "repositoryURL": "https://github.com/Kitura/BlueSSLService.git",
        "state": {
          "branch": null,
          "revision": "ae5889d2a8b068d2d3ab91ec73aa8f557c03cd8a",
          "version": "1.0.200"
        }
      },
      {
        "package": "BrightFutures",
        "repositoryURL": "https://github.com/Thomvis/BrightFutures.git",
        "state": {
          "branch": null,
          "revision": "939858b811026f85e87847a808f0bea2f187e5c4",
          "version": "8.1.0"
        }
      },
      {
        "package": "Chalk",
        "repositoryURL": "https://github.com/mxcl/Chalk.git",
        "state": {
          "branch": null,
          "revision": "9aa9f348b86db3cf6702a3e43c081ecec80cf3c7",
          "version": "0.4.0"
        }
      },
      {
        "package": "Clustering",
        "repositoryURL": "https://gitlab+deploy-token-596840:s63rWYma33o3RCwsbebz@gitlab.com/beamgroup/clustering.git",
        "state": {
          "branch": null,
          "revision": "e952b98b9d2db8036199a12a018f79eb148f5e38",
          "version": null
        }
      },
      {
        "package": "CocoaLumberjack",
        "repositoryURL": "https://github.com/CocoaLumberjack/CocoaLumberjack.git",
        "state": {
          "branch": null,
          "revision": "e518eb6e362df327574ba5e04269cd6d29f40aec",
          "version": "3.7.2"
        }
      },
      {
        "package": "CwlCatchException",
        "repositoryURL": "https://github.com/mattgallagher/CwlCatchException.git",
        "state": {
          "branch": null,
          "revision": "35f9e770f54ce62dd8526470f14c6e137cef3eea",
          "version": "2.1.1"
        }
      },
      {
        "package": "CwlPreconditionTesting",
        "repositoryURL": "https://github.com/mattgallagher/CwlPreconditionTesting.git",
        "state": {
          "branch": null,
          "revision": "fb7a26374e8570ff5c68142e5c83406d6abae0d8",
          "version": "2.0.2"
        }
      },
      {
        "package": "Down",
        "repositoryURL": "https://github.com/iwasrobbed/Down",
        "state": {
          "branch": null,
          "revision": "f34b166be1f1db4aa8f573067e901d72f2a6be57",
          "version": "0.11.0"
        }
      },
      {
        "package": "Erik",
        "repositoryURL": "https://github.com/phimage/Erik.git",
        "state": {
          "branch": null,
          "revision": "109a130e9cdb00789a43a7a625293eeb12d22989",
          "version": "5.1.0"
        }
      },
      {
        "package": "Fakery",
        "repositoryURL": "https://github.com/vadymmarkov/Fakery",
        "state": {
          "branch": null,
          "revision": "71cb3bf36a808534659d1248780c2bf3c4c4fc91",
          "version": "5.1.0"
        }
      },
      {
        "package": "FavIcon",
        "repositoryURL": "https://github.com/leonbreedt/FavIcon.git",
        "state": {
          "branch": null,
          "revision": "5bf16aad3ea543891eaef7e8da2aa2f6bb29e6e4",
          "version": "3.1.0"
        }
      },
      {
        "package": "FaviconFinder",
        "repositoryURL": "https://github.com/will-lumley/FaviconFinder.git",
        "state": {
          "branch": null,
          "revision": "f62aeb293fcc8e6a399e9e8e0d152d42e7167b1f",
          "version": "3.2.0"
        }
      },
      {
        "package": "FileCheck",
        "repositoryURL": "https://github.com/llvm-swift/FileCheck.git",
        "state": {
          "branch": null,
          "revision": "0dc8a5bff1a7f01e1d7bcc20c79e2127b2ea3eeb",
          "version": "0.2.5"
        }
      },
      {
        "package": "FileKit",
        "repositoryURL": "https://github.com/nvzqz/FileKit.git",
        "state": {
          "branch": null,
          "revision": "826d9161b184509f80d85c28cd612d630646de98",
          "version": "6.0.0"
        }
      },
      {
        "package": "PMKFoundation",
        "repositoryURL": "https://github.com/PromiseKit/Foundation.git",
        "state": {
          "branch": null,
          "revision": "985f17fa69ee0e5b7eb3ff9be87ffc4e05fc0927",
          "version": "3.4.0"
        }
      },
      {
        "package": "GRDB",
        "repositoryURL": "https://github.com/groue/GRDB.swift.git",
        "state": {
          "branch": null,
          "revision": "32b2923e890df320906e64cbd0faca22a8bfda14",
          "version": "5.12.0"
        }
      },
      {
        "package": "INI",
        "repositoryURL": "https://github.com/bouke/ini.git",
        "state": {
          "branch": null,
          "revision": "60b7887c6f4051e5cb76b5faa0a7d6db510ddcb0",
          "version": "1.2.0"
        }
      },
      {
        "package": "JWTDecode",
        "repositoryURL": "https://github.com/auth0/JWTDecode.swift.git",
        "state": {
          "branch": null,
          "revision": "3cd207fb9e943b6168a117baa3936c823204c2dc",
          "version": "2.6.3"
        }
      },
      {
        "package": "Kanna",
        "repositoryURL": "https://github.com/tid-kijyun/Kanna.git",
        "state": {
          "branch": null,
          "revision": "f9e4922223dd0d3dfbf02ca70812cf5531fc0593",
          "version": "5.2.7"
        }
      },
      {
        "package": "KeychainAccess",
        "repositoryURL": "https://github.com/kishikawakatsumi/KeychainAccess",
        "state": {
          "branch": null,
          "revision": "84e546727d66f1adc5439debad16270d0fdd04e7",
          "version": "4.2.2"
        }
      },
      {
        "package": "Kitura",
        "repositoryURL": "https://github.com/Kitura/Kitura.git",
        "state": {
          "branch": null,
          "revision": "daf6479097469a0c1fe64755db6e23f788a3ec29",
          "version": "2.9.200"
        }
      },
      {
        "package": "Kitura-net",
        "repositoryURL": "https://github.com/Kitura/Kitura-net.git",
        "state": {
          "branch": null,
          "revision": "e017a57772eb477c294d72b25ab9ae38d25539f5",
          "version": "2.4.200"
        }
      },
      {
        "package": "KituraStencil",
        "repositoryURL": "https://github.com/Kitura/Kitura-StencilTemplateEngine.git",
        "state": {
          "branch": null,
          "revision": "398d7311af0481a73362621f1ba8ac282b7696d8",
          "version": "1.11.1"
        }
      },
      {
        "package": "Kitura-TemplateEngine",
        "repositoryURL": "https://github.com/IBM-Swift/Kitura-TemplateEngine.git",
        "state": {
          "branch": null,
          "revision": "1670b09bfb63b66f7dffff627a06b50492485407",
          "version": "2.0.200"
        }
      },
      {
        "package": "KituraContracts",
        "repositoryURL": "https://github.com/Kitura/KituraContracts.git",
        "state": {
          "branch": null,
          "revision": "8a4778c3aa7833e9e1af884e8819d436c237cd70",
          "version": "1.2.201"
        }
      },
      {
        "package": "LASwift",
        "repositoryURL": "https://github.com/alexandertar/LASwift",
        "state": {
          "branch": "master",
          "revision": "4b464f8a11b10f616b73a24bfc47c61c322ee542",
          "version": null
        }
      },
      {
        "package": "LoggerAPI",
        "repositoryURL": "https://github.com/Kitura/LoggerAPI.git",
        "state": {
          "branch": null,
          "revision": "e82d34eab3f0b05391082b11ea07d3b70d2f65bb",
          "version": "1.9.200"
        }
      },
      {
        "package": "Lottie",
        "repositoryURL": "https://github.com/eLud/lottie-ios",
        "state": {
          "branch": "master",
          "revision": "13a8764f5164651f6db74ec0d859f1ae69120a3a",
          "version": null
        }
      },
      {
        "package": "Macaw",
        "repositoryURL": "https://github.com/eLud/Macaw/",
        "state": {
          "branch": "master",
          "revision": "6d7ea15dfd4ba354480ddfeee4d1860df271b46d",
          "version": null
        }
      },
      {
        "package": "Nimble",
        "repositoryURL": "https://github.com/Quick/Nimble.git",
        "state": {
          "branch": null,
          "revision": "c93f16c25af5770f0d3e6af27c9634640946b068",
          "version": "9.2.1"
        }
      },
      {
        "package": "OAuthSwift",
        "repositoryURL": "https://github.com/OAuthSwift/OAuthSwift.git",
        "state": {
          "branch": "master",
          "revision": "8e62dc0243de97e37640e97fd0641fad4dbe6e1f",
          "version": null
        }
      },
      {
        "package": "Parma",
        "repositoryURL": "https://github.com/dasautoooo/Parma",
        "state": {
          "branch": null,
          "revision": "3c8b431fd5ad3cf675c60d0aa89f011cbcbb036c",
          "version": "0.3.0"
        }
      },
      {
        "package": "PathKit",
        "repositoryURL": "https://github.com/kylef/PathKit.git",
        "state": {
          "branch": null,
          "revision": "e2f5be30e4c8f531c9c1e8765aa7b71c0a45d7a0",
          "version": "0.9.2"
        }
      },
      {
        "package": "Preferences",
        "repositoryURL": "https://github.com/sindresorhus/Preferences",
        "state": {
          "branch": null,
          "revision": "ffeaaad1def45d0625720dc1adae3789cd9c167d",
          "version": "2.5.0"
        }
      },
      {
        "package": "PromiseKit",
        "repositoryURL": "https://github.com/mxcl/PromiseKit",
        "state": {
          "branch": null,
          "revision": "00afea5360bf1c02ac83209c2c8991f73b5a4e7d",
          "version": "6.16.1"
        }
      },
      {
        "package": "Promises",
        "repositoryURL": "https://github.com/google/promises.git",
        "state": {
          "branch": null,
          "revision": "afa9a1ace74e116848d4f743599ab83e584ff8cb",
          "version": "1.2.12"
        }
      },
      {
        "package": "Punycode",
        "repositoryURL": "https://github.com/gumob/PunycodeSwift.git",
        "state": {
          "branch": "master",
          "revision": "4356ec54e073741449640d3d50a1fd24fd1e1b8b",
          "version": null
        }
      },
      {
        "package": "Quick",
        "repositoryURL": "https://github.com/Quick/Quick.git",
        "state": {
          "branch": null,
          "revision": "8cce6acd38f965f5baa3167b939f86500314022b",
          "version": "3.1.2"
        }
      },
      {
        "package": "Sentry",
        "repositoryURL": "https://github.com/getsentry/sentry-cocoa.git",
        "state": {
          "branch": null,
          "revision": "a68422852a7695a6ebb427a7d9ec5c1deae12fa4",
          "version": "7.6.1"
        }
      },
      {
        "package": "Spectre",
        "repositoryURL": "https://github.com/kylef/Spectre.git",
        "state": {
          "branch": null,
          "revision": "f79d4ecbf8bc4e1579fbd86c3e1d652fb6876c53",
          "version": "0.9.2"
        }
      },
      {
        "package": "Stencil",
        "repositoryURL": "https://github.com/kylef/Stencil.git",
        "state": {
          "branch": null,
          "revision": "0e9a78d6584e3812cd9c09494d5c7b483e8f533c",
          "version": "0.13.1"
        }
      },
      {
        "package": "swift-argument-parser",
        "repositoryURL": "https://github.com/apple/swift-argument-parser",
        "state": {
          "branch": null,
          "revision": "6b2aa2748a7881eebb9f84fb10c01293e15b52ca",
          "version": "0.5.0"
        }
      },
      {
        "package": "swift-atomics",
        "repositoryURL": "https://github.com/apple/swift-atomics.git",
        "state": {
          "branch": null,
          "revision": "919eb1d83e02121cdb434c7bfc1f0c66ef17febe",
          "version": "1.0.2"
        }
      },
      {
        "package": "swift-crypto",
        "repositoryURL": "https://github.com/apple/swift-crypto.git",
        "state": {
          "branch": null,
          "revision": "3bea268b223651c4ab7b7b9ad62ef9b2d4143eb6",
          "version": "1.1.6"
        }
      },
      {
        "package": "swift-log",
        "repositoryURL": "https://github.com/apple/swift-log.git",
        "state": {
          "branch": null,
          "revision": "5d66f7ba25daf4f94100e7022febf3c75e37a6c7",
          "version": "1.4.2"
        }
      },
      {
        "package": "LoggingOSLog",
        "repositoryURL": "https://github.com/chrisaljoudi/swift-log-oslog.git",
        "state": {
          "branch": null,
          "revision": "176d41d46429e79c806333025b226e0c50a0c602",
          "version": "0.2.2"
        }
      },
      {
        "package": "SwiftCheck",
        "repositoryURL": "https://github.com/typelift/SwiftCheck",
        "state": {
          "branch": null,
          "revision": "077c096c3ddfc38db223ac8e525ad16ffb987138",
          "version": "0.12.0"
        }
      },
      {
        "package": "Swifter",
        "repositoryURL": "https://github.com/httpswift/swifter.git",
        "state": {
          "branch": null,
          "revision": "9483a5d459b45c3ffd059f7b55f9638e268632fd",
          "version": "1.5.0"
        }
      },
      {
        "package": "SwiftSoup",
        "repositoryURL": "https://github.com/scinfu/SwiftSoup.git",
        "state": {
          "branch": null,
          "revision": "02c63b7be50bda384f22c56c64d347231754a07e",
          "version": "2.3.3"
        }
      },
      {
        "package": "Swime",
        "repositoryURL": "https://github.com/meeloo/Swime",
        "state": {
          "branch": "master",
          "revision": "2dd7e4a252e5aa95a22a45ba37ef186047a77413",
          "version": null
        }
      },
      {
        "package": "SWXMLHash",
        "repositoryURL": "https://github.com/drmohundro/SWXMLHash",
        "state": {
          "branch": null,
          "revision": "6469881a3f30417c5bb02404ea4b69207f297592",
          "version": "6.0.0"
        }
      },
      {
        "package": "TLDExtract",
        "repositoryURL": "https://github.com/gumob/TLDExtractSwift",
        "state": {
          "branch": "master",
          "revision": "8c051b60df00a3fd5c568bab657534857eb4287f",
          "version": null
        }
      },
      {
        "package": "TypeDecoder",
        "repositoryURL": "https://github.com/Kitura/TypeDecoder.git",
        "state": {
          "branch": null,
          "revision": "28ec01815c0aea9236f92982ca8d351e7112a4a0",
          "version": "1.3.201"
        }
      },
      {
        "package": "UUIDKit",
        "repositoryURL": "https://github.com/baarde/uuid-kit",
        "state": {
          "branch": null,
          "revision": "ea3de6264da9b4cdb41370cc594e9626b467f907",
          "version": "0.1.0"
        }
      },
      {
        "package": "Vinyl",
        "repositoryURL": "https://github.com/penso/Vinyl",
        "state": {
          "branch": null,
          "revision": "c4d04bc6f1e4be2dbd535fedf8d93efeec8f68d0",
          "version": "0.10.5"
        }
      },
      {
        "package": "ZIPFoundation",
        "repositoryURL": "https://github.com/weichsel/ZIPFoundation",
        "state": {
          "branch": null,
          "revision": "cf10bbff6ac3b873e97b36b9784c79866a051a8e",
          "version": "0.9.12"
        }
      }
    ]
  },
  "version": 1
}
