{
  "object": {
    "pins": [
      {
        "package": "Down",
        "repositoryURL": "https://github.com/iwasrobbed/Down",
        "state": {
          "branch": null,
          "revision": "f34b166be1f1db4aa8f573067e901d72f2a6be57",
          "version": "0.11.0"
        }
      },
      {
        "package": "Parma",
        "repositoryURL": "https://github.com/dasautoooo/Parma",
        "state": {
          "branch": null,
          "revision": "3c8b431fd5ad3cf675c60d0aa89f011cbcbb036c",
          "version": "0.3.0"
        }
      },
      {
        "package": "swift-argument-parser",
        "repositoryURL": "https://github.com/apple/swift-argument-parser",
        "state": {
          "branch": null,
          "revision": "83b23d940471b313427da226196661856f6ba3e0",
          "version": "0.4.4"
        }
      }
    ]
  },
  "version": 1
}
