{
  "name": "scripts",
  "lockfileVersion": 2,
  "requires": true,
  "packages": {
    "": {
      "dependencies": {
        "atob": "^2.1.2",
        "btoa": "^1.2.1",
        "js-crypto-aes": "^1.0.2"
      }
    },
    "node_modules/atob": {
      "version": "2.1.2",
      "resolved": "https://registry.npmjs.org/atob/-/atob-2.1.2.tgz",
      "integrity": "sha512-Wm6ukoaOGJi/73p/cl2GvLjTI5JM1k/O14isD73YML8StrH/7/lRFgmg8nICZgD3bZZvjwCGxtMOD3wWNAu8cg==",
      "bin": {
        "atob": "bin/atob.js"
      },
      "engines": {
        "node": ">= 4.5.0"
      }
    },
    "node_modules/btoa": {
      "version": "1.2.1",
      "resolved": "https://registry.npmjs.org/btoa/-/btoa-1.2.1.tgz",
      "integrity": "sha512-SB4/MIGlsiVkMcHmT+pSmIPoNDoHg+7cMzmt3Uxt628MTz2487DKSqK/fuhFBrkuqrYv5UCEnACpF4dTFNKc/g==",
      "bin": {
        "btoa": "bin/btoa.js"
      },
      "engines": {
        "node": ">= 0.4.0"
      }
    },
    "node_modules/js-crypto-aes": {
      "version": "1.0.2",
      "resolved": "https://registry.npmjs.org/js-crypto-aes/-/js-crypto-aes-1.0.2.tgz",
      "integrity": "sha512-pQrvnaZXIuLCeD98/NSEIE0EKEXGgaOwMtI+X1Vz5EwCw7tbxqYww5CT4GMEAUw+0pG5LJUbJU0p8Tjj9dOlUQ==",
      "dependencies": {
        "js-crypto-env": "^1.0.2"
      }
    },
    "node_modules/js-crypto-env": {
      "version": "1.0.2",
      "resolved": "https://registry.npmjs.org/js-crypto-env/-/js-crypto-env-1.0.2.tgz",
      "integrity": "sha512-DWCU5bAMCUdbwexTmtoqIzOXvvYOZS1yXzHLSwnc1XLG3vs5b52N3C69w8FzP6rTdBaNLdiftsfPnjKX6dH8Sg=="
    }
  },
  "dependencies": {
    "atob": {
      "version": "2.1.2",
      "resolved": "https://registry.npmjs.org/atob/-/atob-2.1.2.tgz",
      "integrity": "sha512-Wm6ukoaOGJi/73p/cl2GvLjTI5JM1k/O14isD73YML8StrH/7/lRFgmg8nICZgD3bZZvjwCGxtMOD3wWNAu8cg=="
    },
    "btoa": {
      "version": "1.2.1",
      "resolved": "https://registry.npmjs.org/btoa/-/btoa-1.2.1.tgz",
      "integrity": "sha512-SB4/MIGlsiVkMcHmT+pSmIPoNDoHg+7cMzmt3Uxt628MTz2487DKSqK/fuhFBrkuqrYv5UCEnACpF4dTFNKc/g=="
    },
    "js-crypto-aes": {
      "version": "1.0.2",
      "resolved": "https://registry.npmjs.org/js-crypto-aes/-/js-crypto-aes-1.0.2.tgz",
      "integrity": "sha512-pQrvnaZXIuLCeD98/NSEIE0EKEXGgaOwMtI+X1Vz5EwCw7tbxqYww5CT4GMEAUw+0pG5LJUbJU0p8Tjj9dOlUQ==",
      "requires": {
        "js-crypto-env": "^1.0.2"
      }
    },
    "js-crypto-env": {
      "version": "1.0.2",
      "resolved": "https://registry.npmjs.org/js-crypto-env/-/js-crypto-env-1.0.2.tgz",
      "integrity": "sha512-DWCU5bAMCUdbwexTmtoqIzOXvvYOZS1yXzHLSwnc1XLG3vs5b52N3C69w8FzP6rTdBaNLdiftsfPnjKX6dH8Sg=="
    }
  }
}
